// !$*UTF8*$!
{
	archiveVersion = 1;
	classes = {
	};
	objectVersion = 46;
	objects = {

/* Begin PBXBuildFile section */
		0414D291190B2B160056C584 /* AppIcon29x29.png in Resources */ = {isa = PBXBuildFile; fileRef = 0414D283190B2B160056C584 /* AppIcon29x29.png */; };
		0414D292190B2B160056C584 /* AppIcon29x29@2x.png in Resources */ = {isa = PBXBuildFile; fileRef = 0414D284190B2B160056C584 /* AppIcon29x29@2x.png */; };
		0414D293190B2B160056C584 /* AppIcon40x40.png in Resources */ = {isa = PBXBuildFile; fileRef = 0414D285190B2B160056C584 /* AppIcon40x40.png */; };
		0414D294190B2B160056C584 /* AppIcon40x40@2x.png in Resources */ = {isa = PBXBuildFile; fileRef = 0414D286190B2B160056C584 /* AppIcon40x40@2x.png */; };
		0414D295190B2B160056C584 /* AppIcon50x50.png in Resources */ = {isa = PBXBuildFile; fileRef = 0414D287190B2B160056C584 /* AppIcon50x50.png */; };
		0414D296190B2B160056C584 /* AppIcon50x50@2x.png in Resources */ = {isa = PBXBuildFile; fileRef = 0414D288190B2B160056C584 /* AppIcon50x50@2x.png */; };
		0414D297190B2B160056C584 /* AppIcon57x57.png in Resources */ = {isa = PBXBuildFile; fileRef = 0414D289190B2B160056C584 /* AppIcon57x57.png */; };
		0414D298190B2B160056C584 /* AppIcon57x57@2x.png in Resources */ = {isa = PBXBuildFile; fileRef = 0414D28A190B2B160056C584 /* AppIcon57x57@2x.png */; };
		0414D299190B2B160056C584 /* AppIcon60x60.png in Resources */ = {isa = PBXBuildFile; fileRef = 0414D28B190B2B160056C584 /* AppIcon60x60.png */; };
		0414D29A190B2B160056C584 /* AppIcon60x60@2x.png in Resources */ = {isa = PBXBuildFile; fileRef = 0414D28C190B2B160056C584 /* AppIcon60x60@2x.png */; };
		0414D29B190B2B160056C584 /* AppIcon72x72.png in Resources */ = {isa = PBXBuildFile; fileRef = 0414D28D190B2B160056C584 /* AppIcon72x72.png */; };
		0414D29C190B2B160056C584 /* AppIcon72x72@2x.png in Resources */ = {isa = PBXBuildFile; fileRef = 0414D28E190B2B160056C584 /* AppIcon72x72@2x.png */; };
		0414D29D190B2B160056C584 /* AppIcon76x76.png in Resources */ = {isa = PBXBuildFile; fileRef = 0414D28F190B2B160056C584 /* AppIcon76x76.png */; };
		0414D29E190B2B160056C584 /* AppIcon76x76@2x.png in Resources */ = {isa = PBXBuildFile; fileRef = 0414D290190B2B160056C584 /* AppIcon76x76@2x.png */; };
		0414D29F190B2FC90056C584 /* SystemConfiguration.framework in Frameworks */ = {isa = PBXBuildFile; fileRef = 07E8781918F465E0002E38F1 /* SystemConfiguration.framework */; };
		0414D2A7190B30190056C584 /* QuartzCore.framework in Frameworks */ = {isa = PBXBuildFile; fileRef = 07CBA27D18DCAFB8004E8B35 /* QuartzCore.framework */; };
		041DE38618FF751900301586 /* audio in Resources */ = {isa = PBXBuildFile; fileRef = 041DE38318FF751900301586 /* audio */; };
		04396287191031A50032FE72 /* JNIHelpers.cpp in Sources */ = {isa = PBXBuildFile; fileRef = 04396285191031A50032FE72 /* JNIHelpers.cpp */; };
		0439628A19104C020032FE72 /* CartonSixBMP.fnt in Resources */ = {isa = PBXBuildFile; fileRef = 0439628819104C020032FE72 /* CartonSixBMP.fnt */; };
		0439628B19104C020032FE72 /* CartonSixBMP.png in Resources */ = {isa = PBXBuildFile; fileRef = 0439628919104C020032FE72 /* CartonSixBMP.png */; };
		0444D42C1902C4C2001E04D7 /* Globals.cpp in Sources */ = {isa = PBXBuildFile; fileRef = 0444D42A1902C4C2001E04D7 /* Globals.cpp */; };
		070A18B01905A8E00094F95A /* 1024x768 in Resources */ = {isa = PBXBuildFile; fileRef = 070A18AF1905A8E00094F95A /* 1024x768 */; };
		073DC21619070B82009FCDF8 /* iTunesArtwork@2x.png in Resources */ = {isa = PBXBuildFile; fileRef = 073DC21419070B82009FCDF8 /* iTunesArtwork@2x.png */; };
		073DC21719070B82009FCDF8 /* iTunesArtwork.png in Resources */ = {isa = PBXBuildFile; fileRef = 073DC21519070B82009FCDF8 /* iTunesArtwork.png */; };
		073DC21B190712F4009FCDF8 /* Carton_Six.ttf in Resources */ = {isa = PBXBuildFile; fileRef = 073DC21A190712F4009FCDF8 /* Carton_Six.ttf */; };
		077CBB5D18F84EB5005FD669 /* Default-568h@2x.png in Resources */ = {isa = PBXBuildFile; fileRef = 077CBB5718F84EB5005FD669 /* Default-568h@2x.png */; };
		077CBB5E18F84EB5005FD669 /* Default-Landscape.png in Resources */ = {isa = PBXBuildFile; fileRef = 077CBB5818F84EB5005FD669 /* Default-Landscape.png */; };
		077CBB5F18F84EB5005FD669 /* Default-Landscape@2x.png in Resources */ = {isa = PBXBuildFile; fileRef = 077CBB5918F84EB5005FD669 /* Default-Landscape@2x.png */; };
		077CBB6018F84EB5005FD669 /* Default-Portrait.png in Resources */ = {isa = PBXBuildFile; fileRef = 077CBB5A18F84EB5005FD669 /* Default-Portrait.png */; };
		077CBB6118F84EB5005FD669 /* Default-Portrait@2x.png in Resources */ = {isa = PBXBuildFile; fileRef = 077CBB5B18F84EB5005FD669 /* Default-Portrait@2x.png */; };
		077CBB6218F84EB5005FD669 /* Default@2x.png in Resources */ = {isa = PBXBuildFile; fileRef = 077CBB5C18F84EB5005FD669 /* Default@2x.png */; };
		07AC273B18E500DA00F6AEA0 /* HudLayer.cpp in Sources */ = {isa = PBXBuildFile; fileRef = 07AC273918E500DA00F6AEA0 /* HudLayer.cpp */; };
		07AC273E18E500E100F6AEA0 /* GameLayer.cpp in Sources */ = {isa = PBXBuildFile; fileRef = 07AC273C18E500E100F6AEA0 /* GameLayer.cpp */; };
		07AC274A18E5017100F6AEA0 /* SneakyButton.cpp in Sources */ = {isa = PBXBuildFile; fileRef = 07AC274218E5017100F6AEA0 /* SneakyButton.cpp */; };
		07AC274B18E5017100F6AEA0 /* SneakyButtonSkinnedBase.cpp in Sources */ = {isa = PBXBuildFile; fileRef = 07AC274418E5017100F6AEA0 /* SneakyButtonSkinnedBase.cpp */; };
		07AC274C18E5017100F6AEA0 /* SneakyJoystick.cpp in Sources */ = {isa = PBXBuildFile; fileRef = 07AC274618E5017100F6AEA0 /* SneakyJoystick.cpp */; };
		07AC274D18E5017100F6AEA0 /* SneakyJoystickSkinnedBase.cpp in Sources */ = {isa = PBXBuildFile; fileRef = 07AC274818E5017100F6AEA0 /* SneakyJoystickSkinnedBase.cpp */; };
		07CBA28018DCAFB8004E8B35 /* OpenGLES.framework in Frameworks */ = {isa = PBXBuildFile; fileRef = 07CBA27F18DCAFB8004E8B35 /* OpenGLES.framework */; };
		07CBA28218DCAFB8004E8B35 /* OpenAL.framework in Frameworks */ = {isa = PBXBuildFile; fileRef = 07CBA28118DCAFB8004E8B35 /* OpenAL.framework */; };
		07CBA28418DCAFB9004E8B35 /* AudioToolbox.framework in Frameworks */ = {isa = PBXBuildFile; fileRef = 07CBA28318DCAFB9004E8B35 /* AudioToolbox.framework */; };
		07CBA28618DCAFB9004E8B35 /* AVFoundation.framework in Frameworks */ = {isa = PBXBuildFile; fileRef = 07CBA28518DCAFB9004E8B35 /* AVFoundation.framework */; };
		07CBA28818DCAFB9004E8B35 /* UIKit.framework in Frameworks */ = {isa = PBXBuildFile; fileRef = 07CBA28718DCAFB9004E8B35 /* UIKit.framework */; };
		07CBA28A18DCAFB9004E8B35 /* Foundation.framework in Frameworks */ = {isa = PBXBuildFile; fileRef = 07CBA28918DCAFB9004E8B35 /* Foundation.framework */; };
		07CBA28C18DCAFB9004E8B35 /* CoreGraphics.framework in Frameworks */ = {isa = PBXBuildFile; fileRef = 07CBA28B18DCAFB9004E8B35 /* CoreGraphics.framework */; };
		07CBA29418DCAFB9004E8B35 /* Default.png in Resources */ = {isa = PBXBuildFile; fileRef = 07CBA29318DCAFB9004E8B35 /* Default.png */; };
		07CBA2A918DCAFB9004E8B35 /* AppController.mm in Sources */ = {isa = PBXBuildFile; fileRef = 07CBA2A818DCAFB9004E8B35 /* AppController.mm */; };
		07CBA2AC18DCAFB9004E8B35 /* RootViewController.mm in Sources */ = {isa = PBXBuildFile; fileRef = 07CBA2AB18DCAFB9004E8B35 /* RootViewController.mm */; };
		07CBA2AE18DCAFB9004E8B35 /* main.m in Sources */ = {isa = PBXBuildFile; fileRef = 07CBA2AD18DCAFB9004E8B35 /* main.m */; };
		07CBA61B18DCAFC0004E8B35 /* libwebsockets.a in Frameworks */ = {isa = PBXBuildFile; fileRef = 07CBA61A18DCAFC0004E8B35 /* libwebsockets.a */; };
		07CBA62118DCAFC0004E8B35 /* AppDelegate.cpp in Sources */ = {isa = PBXBuildFile; fileRef = 07CBA62018DCAFC0004E8B35 /* AppDelegate.cpp */; };
		07CD154A18E4D61400589C27 /* BaseObstacle.cpp in Sources */ = {isa = PBXBuildFile; fileRef = 07CD154818E4D61400589C27 /* BaseObstacle.cpp */; };
		07CD154D18E4D62500589C27 /* ObstacleSimple.cpp in Sources */ = {isa = PBXBuildFile; fileRef = 07CD154B18E4D62500589C27 /* ObstacleSimple.cpp */; };
		07CD155018E4D63500589C27 /* ObstacleDoble.cpp in Sources */ = {isa = PBXBuildFile; fileRef = 07CD154E18E4D63500589C27 /* ObstacleDoble.cpp */; };
		07CD155318E4D64100589C27 /* ObstacleDobleAir.cpp in Sources */ = {isa = PBXBuildFile; fileRef = 07CD155118E4D64100589C27 /* ObstacleDobleAir.cpp */; };
		07CD155618E4D65600589C27 /* BaseVehicle.cpp in Sources */ = {isa = PBXBuildFile; fileRef = 07CD155418E4D65600589C27 /* BaseVehicle.cpp */; };
		07CD155918E4D66100589C27 /* VehicleFrog.cpp in Sources */ = {isa = PBXBuildFile; fileRef = 07CD155718E4D66100589C27 /* VehicleFrog.cpp */; };
		07E8782518F46656002E38F1 /* PlayGameSingleton.mm in Sources */ = {isa = PBXBuildFile; fileRef = 07E8781E18F46656002E38F1 /* PlayGameSingleton.mm */; };
		07E8782C18F46688002E38F1 /* NativeUtils.cpp in Sources */ = {isa = PBXBuildFile; fileRef = 07E8782918F46688002E38F1 /* NativeUtils.cpp */; };
		07E8792118F49D2C002E38F1 /* AdSupport.framework in Frameworks */ = {isa = PBXBuildFile; fileRef = 07E8792018F49D2C002E38F1 /* AdSupport.framework */; };
		07E8792318F49D48002E38F1 /* CoreTelephony.framework in Frameworks */ = {isa = PBXBuildFile; fileRef = 07E8792218F49D48002E38F1 /* CoreTelephony.framework */; };
		07E8792518F49D4E002E38F1 /* MessageUI.framework in Frameworks */ = {isa = PBXBuildFile; fileRef = 07E8792418F49D4E002E38F1 /* MessageUI.framework */; };
		07EC9DFA18EB19B200E2C037 /* HomeScene.cpp in Sources */ = {isa = PBXBuildFile; fileRef = 07EC9DF818EB19B200E2C037 /* HomeScene.cpp */; };
		07EC9DFD18EB19BF00E2C037 /* HomeLayer.cpp in Sources */ = {isa = PBXBuildFile; fileRef = 07EC9DFB18EB19BF00E2C037 /* HomeLayer.cpp */; };
		07EC9E0018EB19DB00E2C037 /* SettingsLayer.cpp in Sources */ = {isa = PBXBuildFile; fileRef = 07EC9DFE18EB19DB00E2C037 /* SettingsLayer.cpp */; };
		07EC9E0618EB1E4000E2C037 /* PopUpLoseLayer.cpp in Sources */ = {isa = PBXBuildFile; fileRef = 07EC9E0418EB1E4000E2C037 /* PopUpLoseLayer.cpp */; };
		07EC9E0D18EB203500E2C037 /* LocalStorageManager.cpp in Sources */ = {isa = PBXBuildFile; fileRef = 07EC9E0B18EB203500E2C037 /* LocalStorageManager.cpp */; };
		07EC9E1018EB204000E2C037 /* Utils.cpp in Sources */ = {isa = PBXBuildFile; fileRef = 07EC9E0E18EB204000E2C037 /* Utils.cpp */; };
		07EC9E1318EB442C00E2C037 /* PauseLayer.cpp in Sources */ = {isa = PBXBuildFile; fileRef = 07EC9E1118EB442C00E2C037 /* PauseLayer.cpp */; };
		520ABD8D1B191CDD00FAEAE0 /* LootsieManager.mm in Sources */ = {isa = PBXBuildFile; fileRef = 520ABD8C1B191CDD00FAEAE0 /* LootsieManager.mm */; };
		520ABDB81B1920D400FAEAE0 /* LootsieSDKResources.bundle in Resources */ = {isa = PBXBuildFile; fileRef = 520ABDB71B1920D400FAEAE0 /* LootsieSDKResources.bundle */; };
		520ABDBA1B1926A400FAEAE0 /* CoreText.framework in Frameworks */ = {isa = PBXBuildFile; fileRef = 07E8781318F465C3002E38F1 /* CoreText.framework */; };
		520ABDBC1B1926D200FAEAE0 /* MobileCoreServices.framework in Frameworks */ = {isa = PBXBuildFile; fileRef = 520ABDBB1B1926D200FAEAE0 /* MobileCoreServices.framework */; };
		5214287B1B28D78E00B13E65 /* libRestKit.a in Frameworks */ = {isa = PBXBuildFile; fileRef = 520ABDB51B1920C700FAEAE0 /* libRestKit.a */; };
		5214287C1B28D78E00B13E65 /* libLootsie.a in Frameworks */ = {isa = PBXBuildFile; fileRef = 520ABDB31B1920C400FAEAE0 /* libLootsie.a */; };
		522687B61B3096AF0090F358 /* RewardDisplay.cpp in Sources */ = {isa = PBXBuildFile; fileRef = 522687B51B3096AF0090F358 /* RewardDisplay.cpp */; };
		524E11991B2B7CFE00FDF554 /* PopUpRewardsLayer.cpp in Sources */ = {isa = PBXBuildFile; fileRef = 524E11981B2B7CFE00FDF554 /* PopUpRewardsLayer.cpp */; };
		528CA4721B33932700435C9A /* PopUpRewardsGameLayer.cpp in Sources */ = {isa = PBXBuildFile; fileRef = 528CA4701B33932700435C9A /* PopUpRewardsGameLayer.cpp */; };
		52FE7ABD1B22480D000B5530 /* PopUpAchievementsLayer.cpp in Sources */ = {isa = PBXBuildFile; fileRef = 52FE7ABB1B22480D000B5530 /* PopUpAchievementsLayer.cpp */; };
/* End PBXBuildFile section */

/* Begin PBXContainerItemProxy section */
		520ABDA21B191E7500FAEAE0 /* PBXContainerItemProxy */ = {
			isa = PBXContainerItemProxy;
			containerPortal = 520ABD9B1B191E7500FAEAE0 /* Lootsie.xcodeproj */;
			proxyType = 2;
			remoteGlobalIDString = 5271633C1AB0B3A600B6E8DE;
			remoteInfo = Lootsie;
		};
		520ABDA41B191E7500FAEAE0 /* PBXContainerItemProxy */ = {
			isa = PBXContainerItemProxy;
			containerPortal = 520ABD9B1B191E7500FAEAE0 /* Lootsie.xcodeproj */;
			proxyType = 2;
			remoteGlobalIDString = 527163471AB0B3A600B6E8DE;
			remoteInfo = LootsieTests;
		};
		520ABDA61B191E7500FAEAE0 /* PBXContainerItemProxy */ = {
			isa = PBXContainerItemProxy;
			containerPortal = 520ABD9B1B191E7500FAEAE0 /* Lootsie.xcodeproj */;
			proxyType = 2;
			remoteGlobalIDString = 52BF11351AD3167300E7D7B2;
			remoteInfo = LootsieSDKResources;
		};
		52530FCC1B436CA800055D8A /* PBXContainerItemProxy */ = {
			isa = PBXContainerItemProxy;
			containerPortal = 52530FC71B436CA700055D8A /* cocos2d_libs.xcodeproj */;
			proxyType = 2;
			remoteGlobalIDString = 1551A33F158F2AB200E66CFE;
			remoteInfo = "libcocos2d Mac";
		};
		52530FCE1B436CA800055D8A /* PBXContainerItemProxy */ = {
			isa = PBXContainerItemProxy;
			containerPortal = 52530FC71B436CA700055D8A /* cocos2d_libs.xcodeproj */;
			proxyType = 2;
			remoteGlobalIDString = A07A4D641783777C0073F6A7;
			remoteInfo = "libcocos2d iOS";
		};
/* End PBXContainerItemProxy section */

/* Begin PBXFileReference section */
		0414D283190B2B160056C584 /* AppIcon29x29.png */ = {isa = PBXFileReference; lastKnownFileType = image.png; name = AppIcon29x29.png; path = Resources/AppIcon29x29.png; sourceTree = "<group>"; };
		0414D284190B2B160056C584 /* AppIcon29x29@2x.png */ = {isa = PBXFileReference; lastKnownFileType = image.png; name = "AppIcon29x29@2x.png"; path = "Resources/AppIcon29x29@2x.png"; sourceTree = "<group>"; };
		0414D285190B2B160056C584 /* AppIcon40x40.png */ = {isa = PBXFileReference; lastKnownFileType = image.png; name = AppIcon40x40.png; path = Resources/AppIcon40x40.png; sourceTree = "<group>"; };
		0414D286190B2B160056C584 /* AppIcon40x40@2x.png */ = {isa = PBXFileReference; lastKnownFileType = image.png; name = "AppIcon40x40@2x.png"; path = "Resources/AppIcon40x40@2x.png"; sourceTree = "<group>"; };
		0414D287190B2B160056C584 /* AppIcon50x50.png */ = {isa = PBXFileReference; lastKnownFileType = image.png; name = AppIcon50x50.png; path = Resources/AppIcon50x50.png; sourceTree = "<group>"; };
		0414D288190B2B160056C584 /* AppIcon50x50@2x.png */ = {isa = PBXFileReference; lastKnownFileType = image.png; name = "AppIcon50x50@2x.png"; path = "Resources/AppIcon50x50@2x.png"; sourceTree = "<group>"; };
		0414D289190B2B160056C584 /* AppIcon57x57.png */ = {isa = PBXFileReference; lastKnownFileType = image.png; name = AppIcon57x57.png; path = Resources/AppIcon57x57.png; sourceTree = "<group>"; };
		0414D28A190B2B160056C584 /* AppIcon57x57@2x.png */ = {isa = PBXFileReference; lastKnownFileType = image.png; name = "AppIcon57x57@2x.png"; path = "Resources/AppIcon57x57@2x.png"; sourceTree = "<group>"; };
		0414D28B190B2B160056C584 /* AppIcon60x60.png */ = {isa = PBXFileReference; lastKnownFileType = image.png; name = AppIcon60x60.png; path = Resources/AppIcon60x60.png; sourceTree = "<group>"; };
		0414D28C190B2B160056C584 /* AppIcon60x60@2x.png */ = {isa = PBXFileReference; lastKnownFileType = image.png; name = "AppIcon60x60@2x.png"; path = "Resources/AppIcon60x60@2x.png"; sourceTree = "<group>"; };
		0414D28D190B2B160056C584 /* AppIcon72x72.png */ = {isa = PBXFileReference; lastKnownFileType = image.png; name = AppIcon72x72.png; path = Resources/AppIcon72x72.png; sourceTree = "<group>"; };
		0414D28E190B2B160056C584 /* AppIcon72x72@2x.png */ = {isa = PBXFileReference; lastKnownFileType = image.png; name = "AppIcon72x72@2x.png"; path = "Resources/AppIcon72x72@2x.png"; sourceTree = "<group>"; };
		0414D28F190B2B160056C584 /* AppIcon76x76.png */ = {isa = PBXFileReference; lastKnownFileType = image.png; name = AppIcon76x76.png; path = Resources/AppIcon76x76.png; sourceTree = "<group>"; };
		0414D290190B2B160056C584 /* AppIcon76x76@2x.png */ = {isa = PBXFileReference; lastKnownFileType = image.png; name = "AppIcon76x76@2x.png"; path = "Resources/AppIcon76x76@2x.png"; sourceTree = "<group>"; };
		041DE38318FF751900301586 /* audio */ = {isa = PBXFileReference; lastKnownFileType = folder; path = audio; sourceTree = "<group>"; };
		04396285191031A50032FE72 /* JNIHelpers.cpp */ = {isa = PBXFileReference; fileEncoding = 4; lastKnownFileType = sourcecode.cpp.cpp; name = JNIHelpers.cpp; path = Classes/JNIHelpers.cpp; sourceTree = "<group>"; };
		04396286191031A50032FE72 /* JNIHelpers.h */ = {isa = PBXFileReference; fileEncoding = 4; lastKnownFileType = sourcecode.c.h; name = JNIHelpers.h; path = Classes/JNIHelpers.h; sourceTree = "<group>"; };
		0439628819104C020032FE72 /* CartonSixBMP.fnt */ = {isa = PBXFileReference; fileEncoding = 4; lastKnownFileType = text; path = CartonSixBMP.fnt; sourceTree = "<group>"; };
		0439628919104C020032FE72 /* CartonSixBMP.png */ = {isa = PBXFileReference; lastKnownFileType = image.png; path = CartonSixBMP.png; sourceTree = "<group>"; };
		0444D42A1902C4C2001E04D7 /* Globals.cpp */ = {isa = PBXFileReference; fileEncoding = 4; lastKnownFileType = sourcecode.cpp.cpp; name = Globals.cpp; path = Classes/Globals.cpp; sourceTree = "<group>"; };
		0444D42B1902C4C2001E04D7 /* Globals.h */ = {isa = PBXFileReference; fileEncoding = 4; lastKnownFileType = sourcecode.c.h; name = Globals.h; path = Classes/Globals.h; sourceTree = "<group>"; };
		070A18AF1905A8E00094F95A /* 1024x768 */ = {isa = PBXFileReference; lastKnownFileType = folder; path = 1024x768; sourceTree = "<group>"; };
		073DC21419070B82009FCDF8 /* iTunesArtwork@2x.png */ = {isa = PBXFileReference; lastKnownFileType = image.png; name = "iTunesArtwork@2x.png"; path = "Resources/iTunesArtwork@2x.png"; sourceTree = "<group>"; };
		073DC21519070B82009FCDF8 /* iTunesArtwork.png */ = {isa = PBXFileReference; lastKnownFileType = image.png; name = iTunesArtwork.png; path = Resources/iTunesArtwork.png; sourceTree = "<group>"; };
		073DC21A190712F4009FCDF8 /* Carton_Six.ttf */ = {isa = PBXFileReference; lastKnownFileType = file; path = Carton_Six.ttf; sourceTree = "<group>"; };
		077CBB5718F84EB5005FD669 /* Default-568h@2x.png */ = {isa = PBXFileReference; lastKnownFileType = image.png; name = "Default-568h@2x.png"; path = "Resources/Default-568h@2x.png"; sourceTree = "<group>"; };
		077CBB5818F84EB5005FD669 /* Default-Landscape.png */ = {isa = PBXFileReference; lastKnownFileType = image.png; name = "Default-Landscape.png"; path = "Resources/Default-Landscape.png"; sourceTree = "<group>"; };
		077CBB5918F84EB5005FD669 /* Default-Landscape@2x.png */ = {isa = PBXFileReference; lastKnownFileType = image.png; name = "Default-Landscape@2x.png"; path = "Resources/Default-Landscape@2x.png"; sourceTree = "<group>"; };
		077CBB5A18F84EB5005FD669 /* Default-Portrait.png */ = {isa = PBXFileReference; lastKnownFileType = image.png; name = "Default-Portrait.png"; path = "Resources/Default-Portrait.png"; sourceTree = "<group>"; };
		077CBB5B18F84EB5005FD669 /* Default-Portrait@2x.png */ = {isa = PBXFileReference; lastKnownFileType = image.png; name = "Default-Portrait@2x.png"; path = "Resources/Default-Portrait@2x.png"; sourceTree = "<group>"; };
		077CBB5C18F84EB5005FD669 /* Default@2x.png */ = {isa = PBXFileReference; lastKnownFileType = image.png; name = "Default@2x.png"; path = "Resources/Default@2x.png"; sourceTree = "<group>"; };
		07AC273918E500DA00F6AEA0 /* HudLayer.cpp */ = {isa = PBXFileReference; fileEncoding = 4; lastKnownFileType = sourcecode.cpp.cpp; name = HudLayer.cpp; path = Classes/HudLayer.cpp; sourceTree = "<group>"; };
		07AC273A18E500DA00F6AEA0 /* HudLayer.h */ = {isa = PBXFileReference; fileEncoding = 4; lastKnownFileType = sourcecode.c.h; name = HudLayer.h; path = Classes/HudLayer.h; sourceTree = "<group>"; };
		07AC273C18E500E100F6AEA0 /* GameLayer.cpp */ = {isa = PBXFileReference; fileEncoding = 4; lastKnownFileType = sourcecode.cpp.cpp; name = GameLayer.cpp; path = Classes/GameLayer.cpp; sourceTree = "<group>"; };
		07AC273D18E500E100F6AEA0 /* GameLayer.h */ = {isa = PBXFileReference; fileEncoding = 4; lastKnownFileType = sourcecode.c.h; name = GameLayer.h; path = Classes/GameLayer.h; sourceTree = "<group>"; };
		07AC274218E5017100F6AEA0 /* SneakyButton.cpp */ = {isa = PBXFileReference; fileEncoding = 4; lastKnownFileType = sourcecode.cpp.cpp; path = SneakyButton.cpp; sourceTree = "<group>"; };
		07AC274318E5017100F6AEA0 /* SneakyButton.h */ = {isa = PBXFileReference; fileEncoding = 4; lastKnownFileType = sourcecode.c.h; path = SneakyButton.h; sourceTree = "<group>"; };
		07AC274418E5017100F6AEA0 /* SneakyButtonSkinnedBase.cpp */ = {isa = PBXFileReference; fileEncoding = 4; lastKnownFileType = sourcecode.cpp.cpp; path = SneakyButtonSkinnedBase.cpp; sourceTree = "<group>"; };
		07AC274518E5017100F6AEA0 /* SneakyButtonSkinnedBase.h */ = {isa = PBXFileReference; fileEncoding = 4; lastKnownFileType = sourcecode.c.h; path = SneakyButtonSkinnedBase.h; sourceTree = "<group>"; };
		07AC274618E5017100F6AEA0 /* SneakyJoystick.cpp */ = {isa = PBXFileReference; fileEncoding = 4; lastKnownFileType = sourcecode.cpp.cpp; path = SneakyJoystick.cpp; sourceTree = "<group>"; };
		07AC274718E5017100F6AEA0 /* SneakyJoystick.h */ = {isa = PBXFileReference; fileEncoding = 4; lastKnownFileType = sourcecode.c.h; path = SneakyJoystick.h; sourceTree = "<group>"; };
		07AC274818E5017100F6AEA0 /* SneakyJoystickSkinnedBase.cpp */ = {isa = PBXFileReference; fileEncoding = 4; lastKnownFileType = sourcecode.cpp.cpp; path = SneakyJoystickSkinnedBase.cpp; sourceTree = "<group>"; };
		07AC274918E5017100F6AEA0 /* SneakyJoystickSkinnedBase.h */ = {isa = PBXFileReference; fileEncoding = 4; lastKnownFileType = sourcecode.c.h; path = SneakyJoystickSkinnedBase.h; sourceTree = "<group>"; };
		07CBA27A18DCAFB8004E8B35 /* BTEndlessTunnel.app */ = {isa = PBXFileReference; explicitFileType = wrapper.application; includeInIndex = 0; path = BTEndlessTunnel.app; sourceTree = BUILT_PRODUCTS_DIR; };
		07CBA27D18DCAFB8004E8B35 /* QuartzCore.framework */ = {isa = PBXFileReference; lastKnownFileType = wrapper.framework; name = QuartzCore.framework; path = System/Library/Frameworks/QuartzCore.framework; sourceTree = SDKROOT; };
		07CBA27F18DCAFB8004E8B35 /* OpenGLES.framework */ = {isa = PBXFileReference; lastKnownFileType = wrapper.framework; name = OpenGLES.framework; path = System/Library/Frameworks/OpenGLES.framework; sourceTree = SDKROOT; };
		07CBA28118DCAFB8004E8B35 /* OpenAL.framework */ = {isa = PBXFileReference; lastKnownFileType = wrapper.framework; name = OpenAL.framework; path = System/Library/Frameworks/OpenAL.framework; sourceTree = SDKROOT; };
		07CBA28318DCAFB9004E8B35 /* AudioToolbox.framework */ = {isa = PBXFileReference; lastKnownFileType = wrapper.framework; name = AudioToolbox.framework; path = System/Library/Frameworks/AudioToolbox.framework; sourceTree = SDKROOT; };
		07CBA28518DCAFB9004E8B35 /* AVFoundation.framework */ = {isa = PBXFileReference; lastKnownFileType = wrapper.framework; name = AVFoundation.framework; path = System/Library/Frameworks/AVFoundation.framework; sourceTree = SDKROOT; };
		07CBA28718DCAFB9004E8B35 /* UIKit.framework */ = {isa = PBXFileReference; lastKnownFileType = wrapper.framework; name = UIKit.framework; path = System/Library/Frameworks/UIKit.framework; sourceTree = SDKROOT; };
		07CBA28918DCAFB9004E8B35 /* Foundation.framework */ = {isa = PBXFileReference; lastKnownFileType = wrapper.framework; name = Foundation.framework; path = System/Library/Frameworks/Foundation.framework; sourceTree = SDKROOT; };
		07CBA28B18DCAFB9004E8B35 /* CoreGraphics.framework */ = {isa = PBXFileReference; lastKnownFileType = wrapper.framework; name = CoreGraphics.framework; path = System/Library/Frameworks/CoreGraphics.framework; sourceTree = SDKROOT; };
		07CBA29318DCAFB9004E8B35 /* Default.png */ = {isa = PBXFileReference; lastKnownFileType = image.png; name = Default.png; path = Resources/Default.png; sourceTree = "<group>"; };
		07CBA2A518DCAFB9004E8B35 /* Info.plist */ = {isa = PBXFileReference; lastKnownFileType = text.plist.xml; name = Info.plist; path = Resources/Info.plist; sourceTree = "<group>"; };
		07CBA2A718DCAFB9004E8B35 /* AppController.h */ = {isa = PBXFileReference; lastKnownFileType = sourcecode.c.h; name = AppController.h; path = ios/AppController.h; sourceTree = "<group>"; };
		07CBA2A818DCAFB9004E8B35 /* AppController.mm */ = {isa = PBXFileReference; lastKnownFileType = sourcecode.cpp.objcpp; name = AppController.mm; path = ios/AppController.mm; sourceTree = "<group>"; };
		07CBA2AA18DCAFB9004E8B35 /* RootViewController.h */ = {isa = PBXFileReference; lastKnownFileType = sourcecode.c.h; name = RootViewController.h; path = ios/RootViewController.h; sourceTree = "<group>"; };
		07CBA2AB18DCAFB9004E8B35 /* RootViewController.mm */ = {isa = PBXFileReference; lastKnownFileType = sourcecode.cpp.objcpp; name = RootViewController.mm; path = ios/RootViewController.mm; sourceTree = "<group>"; };
		07CBA2AD18DCAFB9004E8B35 /* main.m */ = {isa = PBXFileReference; lastKnownFileType = sourcecode.c.objc; name = main.m; path = ios/main.m; sourceTree = "<group>"; };
		07CBA61818DCAFC0004E8B35 /* libwebsockets.h */ = {isa = PBXFileReference; lastKnownFileType = sourcecode.c.h; name = libwebsockets.h; path = libs/libwebsockets/ios/include/libwebsockets.h; sourceTree = "<group>"; };
		07CBA61A18DCAFC0004E8B35 /* libwebsockets.a */ = {isa = PBXFileReference; lastKnownFileType = archive.ar; name = libwebsockets.a; path = libs/libwebsockets/ios/lib/libwebsockets.a; sourceTree = "<group>"; };
		07CBA61D18DCAFC0004E8B35 /* Prefix.pch */ = {isa = PBXFileReference; lastKnownFileType = sourcecode.c.h; path = Prefix.pch; sourceTree = "<group>"; };
		07CBA61F18DCAFC0004E8B35 /* AppDelegate.h */ = {isa = PBXFileReference; lastKnownFileType = sourcecode.c.h; name = AppDelegate.h; path = Classes/AppDelegate.h; sourceTree = "<group>"; };
		07CBA62018DCAFC0004E8B35 /* AppDelegate.cpp */ = {isa = PBXFileReference; lastKnownFileType = sourcecode.cpp.cpp; name = AppDelegate.cpp; path = Classes/AppDelegate.cpp; sourceTree = "<group>"; };
		07CBA63118DCB042004E8B35 /* Constants.h */ = {isa = PBXFileReference; lastKnownFileType = sourcecode.c.h; name = Constants.h; path = Classes/Constants.h; sourceTree = "<group>"; };
		07CBA63318DCB099004E8B35 /* AppMacros.h */ = {isa = PBXFileReference; lastKnownFileType = sourcecode.c.h; name = AppMacros.h; path = Classes/AppMacros.h; sourceTree = "<group>"; };
		07CD154818E4D61400589C27 /* BaseObstacle.cpp */ = {isa = PBXFileReference; fileEncoding = 4; lastKnownFileType = sourcecode.cpp.cpp; name = BaseObstacle.cpp; path = Classes/BaseObstacle.cpp; sourceTree = "<group>"; };
		07CD154918E4D61400589C27 /* BaseObstacle.h */ = {isa = PBXFileReference; fileEncoding = 4; lastKnownFileType = sourcecode.c.h; name = BaseObstacle.h; path = Classes/BaseObstacle.h; sourceTree = "<group>"; };
		07CD154B18E4D62500589C27 /* ObstacleSimple.cpp */ = {isa = PBXFileReference; fileEncoding = 4; lastKnownFileType = sourcecode.cpp.cpp; name = ObstacleSimple.cpp; path = Classes/ObstacleSimple.cpp; sourceTree = "<group>"; };
		07CD154C18E4D62500589C27 /* ObstacleSimple.h */ = {isa = PBXFileReference; fileEncoding = 4; lastKnownFileType = sourcecode.c.h; name = ObstacleSimple.h; path = Classes/ObstacleSimple.h; sourceTree = "<group>"; };
		07CD154E18E4D63500589C27 /* ObstacleDoble.cpp */ = {isa = PBXFileReference; fileEncoding = 4; lastKnownFileType = sourcecode.cpp.cpp; name = ObstacleDoble.cpp; path = Classes/ObstacleDoble.cpp; sourceTree = "<group>"; };
		07CD154F18E4D63500589C27 /* ObstacleDoble.h */ = {isa = PBXFileReference; fileEncoding = 4; lastKnownFileType = sourcecode.c.h; name = ObstacleDoble.h; path = Classes/ObstacleDoble.h; sourceTree = "<group>"; };
		07CD155118E4D64100589C27 /* ObstacleDobleAir.cpp */ = {isa = PBXFileReference; fileEncoding = 4; lastKnownFileType = sourcecode.cpp.cpp; name = ObstacleDobleAir.cpp; path = Classes/ObstacleDobleAir.cpp; sourceTree = "<group>"; };
		07CD155218E4D64100589C27 /* ObstacleDobleAir.h */ = {isa = PBXFileReference; fileEncoding = 4; lastKnownFileType = sourcecode.c.h; name = ObstacleDobleAir.h; path = Classes/ObstacleDobleAir.h; sourceTree = "<group>"; };
		07CD155418E4D65600589C27 /* BaseVehicle.cpp */ = {isa = PBXFileReference; fileEncoding = 4; lastKnownFileType = sourcecode.cpp.cpp; name = BaseVehicle.cpp; path = Classes/BaseVehicle.cpp; sourceTree = "<group>"; };
		07CD155518E4D65600589C27 /* BaseVehicle.h */ = {isa = PBXFileReference; fileEncoding = 4; lastKnownFileType = sourcecode.c.h; name = BaseVehicle.h; path = Classes/BaseVehicle.h; sourceTree = "<group>"; };
		07CD155718E4D66100589C27 /* VehicleFrog.cpp */ = {isa = PBXFileReference; fileEncoding = 4; lastKnownFileType = sourcecode.cpp.cpp; name = VehicleFrog.cpp; path = Classes/VehicleFrog.cpp; sourceTree = "<group>"; };
		07CD155818E4D66100589C27 /* VehicleFrog.h */ = {isa = PBXFileReference; fileEncoding = 4; lastKnownFileType = sourcecode.c.h; name = VehicleFrog.h; path = Classes/VehicleFrog.h; sourceTree = "<group>"; };
		07E8780918F465A5002E38F1 /* AddressBook.framework */ = {isa = PBXFileReference; lastKnownFileType = wrapper.framework; name = AddressBook.framework; path = System/Library/Frameworks/AddressBook.framework; sourceTree = SDKROOT; };
		07E8780B18F465AB002E38F1 /* AssetsLibrary.framework */ = {isa = PBXFileReference; lastKnownFileType = wrapper.framework; name = AssetsLibrary.framework; path = System/Library/Frameworks/AssetsLibrary.framework; sourceTree = SDKROOT; };
		07E8780D18F465B2002E38F1 /* CoreData.framework */ = {isa = PBXFileReference; lastKnownFileType = wrapper.framework; name = CoreData.framework; path = System/Library/Frameworks/CoreData.framework; sourceTree = SDKROOT; };
		07E8780F18F465B7002E38F1 /* CoreLocation.framework */ = {isa = PBXFileReference; lastKnownFileType = wrapper.framework; name = CoreLocation.framework; path = System/Library/Frameworks/CoreLocation.framework; sourceTree = SDKROOT; };
		07E8781118F465BD002E38F1 /* CoreMotion.framework */ = {isa = PBXFileReference; lastKnownFileType = wrapper.framework; name = CoreMotion.framework; path = System/Library/Frameworks/CoreMotion.framework; sourceTree = SDKROOT; };
		07E8781318F465C3002E38F1 /* CoreText.framework */ = {isa = PBXFileReference; lastKnownFileType = wrapper.framework; name = CoreText.framework; path = System/Library/Frameworks/CoreText.framework; sourceTree = SDKROOT; };
		07E8781518F465CA002E38F1 /* MediaPlayer.framework */ = {isa = PBXFileReference; lastKnownFileType = wrapper.framework; name = MediaPlayer.framework; path = System/Library/Frameworks/MediaPlayer.framework; sourceTree = SDKROOT; };
		07E8781718F465D7002E38F1 /* Security.framework */ = {isa = PBXFileReference; lastKnownFileType = wrapper.framework; name = Security.framework; path = System/Library/Frameworks/Security.framework; sourceTree = SDKROOT; };
		07E8781918F465E0002E38F1 /* SystemConfiguration.framework */ = {isa = PBXFileReference; lastKnownFileType = wrapper.framework; name = SystemConfiguration.framework; path = System/Library/Frameworks/SystemConfiguration.framework; sourceTree = SDKROOT; };
		07E8781B18F465EA002E38F1 /* libc++.dylib */ = {isa = PBXFileReference; lastKnownFileType = "compiled.mach-o.dylib"; name = "libc++.dylib"; path = "usr/lib/libc++.dylib"; sourceTree = SDKROOT; };
		07E8781D18F46656002E38F1 /* PlayGameSingleton.h */ = {isa = PBXFileReference; fileEncoding = 4; lastKnownFileType = sourcecode.c.h; name = PlayGameSingleton.h; path = ios/PlayGameSingleton.h; sourceTree = "<group>"; };
		07E8781E18F46656002E38F1 /* PlayGameSingleton.mm */ = {isa = PBXFileReference; fileEncoding = 4; lastKnownFileType = sourcecode.cpp.objcpp; name = PlayGameSingleton.mm; path = ios/PlayGameSingleton.mm; sourceTree = "<group>"; };
		07E8782918F46688002E38F1 /* NativeUtils.cpp */ = {isa = PBXFileReference; fileEncoding = 4; lastKnownFileType = sourcecode.cpp.cpp; name = NativeUtils.cpp; path = Classes/NativeUtils.cpp; sourceTree = "<group>"; };
		07E8782A18F46688002E38F1 /* NativeUtils.h */ = {isa = PBXFileReference; fileEncoding = 4; lastKnownFileType = sourcecode.c.h; name = NativeUtils.h; path = Classes/NativeUtils.h; sourceTree = "<group>"; };
		07E8782B18F46688002E38F1 /* PlayGameConstants.h */ = {isa = PBXFileReference; fileEncoding = 4; lastKnownFileType = sourcecode.c.h; name = PlayGameConstants.h; path = Classes/PlayGameConstants.h; sourceTree = "<group>"; };
		07E8782D18F48F89002E38F1 /* iAd.framework */ = {isa = PBXFileReference; lastKnownFileType = wrapper.framework; name = iAd.framework; path = System/Library/Frameworks/iAd.framework; sourceTree = SDKROOT; };
		07E8792018F49D2C002E38F1 /* AdSupport.framework */ = {isa = PBXFileReference; lastKnownFileType = wrapper.framework; name = AdSupport.framework; path = System/Library/Frameworks/AdSupport.framework; sourceTree = SDKROOT; };
		07E8792218F49D48002E38F1 /* CoreTelephony.framework */ = {isa = PBXFileReference; lastKnownFileType = wrapper.framework; name = CoreTelephony.framework; path = System/Library/Frameworks/CoreTelephony.framework; sourceTree = SDKROOT; };
		07E8792418F49D4E002E38F1 /* MessageUI.framework */ = {isa = PBXFileReference; lastKnownFileType = wrapper.framework; name = MessageUI.framework; path = System/Library/Frameworks/MessageUI.framework; sourceTree = SDKROOT; };
		07EC9DF818EB19B200E2C037 /* HomeScene.cpp */ = {isa = PBXFileReference; fileEncoding = 4; lastKnownFileType = sourcecode.cpp.cpp; name = HomeScene.cpp; path = Classes/HomeScene.cpp; sourceTree = "<group>"; };
		07EC9DF918EB19B200E2C037 /* HomeScene.h */ = {isa = PBXFileReference; fileEncoding = 4; lastKnownFileType = sourcecode.c.h; name = HomeScene.h; path = Classes/HomeScene.h; sourceTree = "<group>"; };
		07EC9DFB18EB19BF00E2C037 /* HomeLayer.cpp */ = {isa = PBXFileReference; fileEncoding = 4; lastKnownFileType = sourcecode.cpp.cpp; name = HomeLayer.cpp; path = Classes/HomeLayer.cpp; sourceTree = "<group>"; };
		07EC9DFC18EB19BF00E2C037 /* HomeLayer.h */ = {isa = PBXFileReference; fileEncoding = 4; lastKnownFileType = sourcecode.c.h; name = HomeLayer.h; path = Classes/HomeLayer.h; sourceTree = "<group>"; };
		07EC9DFE18EB19DB00E2C037 /* SettingsLayer.cpp */ = {isa = PBXFileReference; fileEncoding = 4; lastKnownFileType = sourcecode.cpp.cpp; name = SettingsLayer.cpp; path = Classes/SettingsLayer.cpp; sourceTree = "<group>"; };
		07EC9DFF18EB19DB00E2C037 /* SettingsLayer.h */ = {isa = PBXFileReference; fileEncoding = 4; lastKnownFileType = sourcecode.c.h; name = SettingsLayer.h; path = Classes/SettingsLayer.h; sourceTree = "<group>"; };
		07EC9E0418EB1E4000E2C037 /* PopUpLoseLayer.cpp */ = {isa = PBXFileReference; fileEncoding = 4; lastKnownFileType = sourcecode.cpp.cpp; name = PopUpLoseLayer.cpp; path = Classes/PopUpLoseLayer.cpp; sourceTree = "<group>"; };
		07EC9E0518EB1E4000E2C037 /* PopUpLoseLayer.h */ = {isa = PBXFileReference; fileEncoding = 4; lastKnownFileType = sourcecode.c.h; name = PopUpLoseLayer.h; path = Classes/PopUpLoseLayer.h; sourceTree = "<group>"; };
		07EC9E0B18EB203500E2C037 /* LocalStorageManager.cpp */ = {isa = PBXFileReference; fileEncoding = 4; lastKnownFileType = sourcecode.cpp.cpp; name = LocalStorageManager.cpp; path = Classes/LocalStorageManager.cpp; sourceTree = "<group>"; };
		07EC9E0C18EB203500E2C037 /* LocalStorageManager.h */ = {isa = PBXFileReference; fileEncoding = 4; lastKnownFileType = sourcecode.c.h; name = LocalStorageManager.h; path = Classes/LocalStorageManager.h; sourceTree = "<group>"; };
		07EC9E0E18EB204000E2C037 /* Utils.cpp */ = {isa = PBXFileReference; fileEncoding = 4; lastKnownFileType = sourcecode.cpp.cpp; name = Utils.cpp; path = Classes/Utils.cpp; sourceTree = "<group>"; };
		07EC9E0F18EB204000E2C037 /* Utils.h */ = {isa = PBXFileReference; fileEncoding = 4; lastKnownFileType = sourcecode.c.h; name = Utils.h; path = Classes/Utils.h; sourceTree = "<group>"; };
		07EC9E1118EB442C00E2C037 /* PauseLayer.cpp */ = {isa = PBXFileReference; fileEncoding = 4; lastKnownFileType = sourcecode.cpp.cpp; name = PauseLayer.cpp; path = Classes/PauseLayer.cpp; sourceTree = "<group>"; };
		07EC9E1218EB442C00E2C037 /* PauseLayer.h */ = {isa = PBXFileReference; fileEncoding = 4; lastKnownFileType = sourcecode.c.h; name = PauseLayer.h; path = Classes/PauseLayer.h; sourceTree = "<group>"; };
		520ABD8B1B191CDD00FAEAE0 /* LootsieManager.h */ = {isa = PBXFileReference; fileEncoding = 4; lastKnownFileType = sourcecode.c.h; name = LootsieManager.h; path = ios/LootsieManager.h; sourceTree = "<group>"; };
		520ABD8C1B191CDD00FAEAE0 /* LootsieManager.mm */ = {isa = PBXFileReference; fileEncoding = 4; lastKnownFileType = sourcecode.cpp.objcpp; name = LootsieManager.mm; path = ios/LootsieManager.mm; sourceTree = "<group>"; };
		520ABD9B1B191E7500FAEAE0 /* Lootsie.xcodeproj */ = {isa = PBXFileReference; lastKnownFileType = "wrapper.pb-project"; name = Lootsie.xcodeproj; path = "../../../../bitbucket/ios-sdk4-dev/ios-sdk4/Lootsie/Lootsie.xcodeproj"; sourceTree = "<group>"; };
		520ABDAF1B191FA000FAEAE0 /* libRestKit.a */ = {isa = PBXFileReference; lastKnownFileType = archive.ar; name = libRestKit.a; path = "../../../bitbucket/ios-sdk4-dev/ios-sdk4/External/RestKit-0.20.3/Build/Products/Debug-iphoneos/libRestKit.a"; sourceTree = "<group>"; };
		520ABDB31B1920C400FAEAE0 /* libLootsie.a */ = {isa = PBXFileReference; lastKnownFileType = archive.ar; name = libLootsie.a; path = "Build/Products/Debug-iphonesimulator/libLootsie.a"; sourceTree = "<group>"; };
		520ABDB51B1920C700FAEAE0 /* libRestKit.a */ = {isa = PBXFileReference; lastKnownFileType = archive.ar; name = libRestKit.a; path = "Build/Products/Debug-iphonesimulator/libRestKit.a"; sourceTree = "<group>"; };
		520ABDB71B1920D400FAEAE0 /* LootsieSDKResources.bundle */ = {isa = PBXFileReference; lastKnownFileType = "wrapper.plug-in"; name = LootsieSDKResources.bundle; path = "Build/Products/Debug-iphonesimulator/LootsieSDKResources.bundle"; sourceTree = "<group>"; };
		520ABDBB1B1926D200FAEAE0 /* MobileCoreServices.framework */ = {isa = PBXFileReference; lastKnownFileType = wrapper.framework; name = MobileCoreServices.framework; path = System/Library/Frameworks/MobileCoreServices.framework; sourceTree = SDKROOT; };
		521428791B28D77700B13E65 /* libRestKit.a */ = {isa = PBXFileReference; lastKnownFileType = archive.ar; name = libRestKit.a; path = "../../../bitbucket/ios-sdk4-dev/ios-sdk4/External/RestKit-0.20.3/Build/Products/Debug-iphoneos/libRestKit.a"; sourceTree = "<group>"; };
		521428811B28DDCC00B13E65 /* BTLootsieAchievement.h */ = {isa = PBXFileReference; lastKnownFileType = sourcecode.c.h; name = BTLootsieAchievement.h; path = Classes/BTLootsieAchievement.h; sourceTree = "<group>"; };
		522687B11B30960C0090F358 /* RewardDisplay.h */ = {isa = PBXFileReference; lastKnownFileType = sourcecode.c.h; name = RewardDisplay.h; path = Classes/RewardDisplay.h; sourceTree = "<group>"; };
		522687B51B3096AF0090F358 /* RewardDisplay.cpp */ = {isa = PBXFileReference; fileEncoding = 4; lastKnownFileType = sourcecode.cpp.cpp; name = RewardDisplay.cpp; path = Classes/RewardDisplay.cpp; sourceTree = "<group>"; };
		5246D7901B34F72900D782F3 /* document.h */ = {isa = PBXFileReference; fileEncoding = 4; lastKnownFileType = sourcecode.c.h; path = document.h; sourceTree = "<group>"; };
		5246D7911B34F72900D782F3 /* filestream.h */ = {isa = PBXFileReference; fileEncoding = 4; lastKnownFileType = sourcecode.c.h; path = filestream.h; sourceTree = "<group>"; };
		5246D7931B34F72900D782F3 /* pow10.h */ = {isa = PBXFileReference; fileEncoding = 4; lastKnownFileType = sourcecode.c.h; path = pow10.h; sourceTree = "<group>"; };
		5246D7941B34F72900D782F3 /* stack.h */ = {isa = PBXFileReference; fileEncoding = 4; lastKnownFileType = sourcecode.c.h; path = stack.h; sourceTree = "<group>"; };
		5246D7951B34F72900D782F3 /* strfunc.h */ = {isa = PBXFileReference; fileEncoding = 4; lastKnownFileType = sourcecode.c.h; path = strfunc.h; sourceTree = "<group>"; };
		5246D7961B34F72900D782F3 /* prettywriter.h */ = {isa = PBXFileReference; fileEncoding = 4; lastKnownFileType = sourcecode.c.h; path = prettywriter.h; sourceTree = "<group>"; };
		5246D7971B34F72900D782F3 /* rapidjson.h */ = {isa = PBXFileReference; fileEncoding = 4; lastKnownFileType = sourcecode.c.h; path = rapidjson.h; sourceTree = "<group>"; };
		5246D7981B34F72900D782F3 /* reader.h */ = {isa = PBXFileReference; fileEncoding = 4; lastKnownFileType = sourcecode.c.h; path = reader.h; sourceTree = "<group>"; };
		5246D7991B34F72900D782F3 /* stringbuffer.h */ = {isa = PBXFileReference; fileEncoding = 4; lastKnownFileType = sourcecode.c.h; path = stringbuffer.h; sourceTree = "<group>"; };
		5246D79A1B34F72900D782F3 /* writer.h */ = {isa = PBXFileReference; fileEncoding = 4; lastKnownFileType = sourcecode.c.h; path = writer.h; sourceTree = "<group>"; };
		524E11941B2B7CD100FDF554 /* PopUpRewardsLayer.h */ = {isa = PBXFileReference; lastKnownFileType = sourcecode.c.h; name = PopUpRewardsLayer.h; path = Classes/PopUpRewardsLayer.h; sourceTree = "<group>"; };
		524E11981B2B7CFE00FDF554 /* PopUpRewardsLayer.cpp */ = {isa = PBXFileReference; fileEncoding = 4; lastKnownFileType = sourcecode.cpp.cpp; name = PopUpRewardsLayer.cpp; path = Classes/PopUpRewardsLayer.cpp; sourceTree = "<group>"; };
		524E119B1B2B9E7400FDF554 /* BTLootsieReward.h */ = {isa = PBXFileReference; lastKnownFileType = sourcecode.c.h; name = BTLootsieReward.h; path = Classes/BTLootsieReward.h; sourceTree = "<group>"; };
		52530FC71B436CA700055D8A /* cocos2d_libs.xcodeproj */ = {isa = PBXFileReference; lastKnownFileType = "wrapper.pb-project"; name = cocos2d_libs.xcodeproj; path = "libs/cocos2d-x-3.6/build/cocos2d_libs.xcodeproj"; sourceTree = "<group>"; };
		528CA4701B33932700435C9A /* PopUpRewardsGameLayer.cpp */ = {isa = PBXFileReference; fileEncoding = 4; lastKnownFileType = sourcecode.cpp.cpp; name = PopUpRewardsGameLayer.cpp; path = Classes/PopUpRewardsGameLayer.cpp; sourceTree = "<group>"; };
		528CA4711B33932700435C9A /* PopUpRewardsGameLayer.h */ = {isa = PBXFileReference; fileEncoding = 4; lastKnownFileType = sourcecode.c.h; name = PopUpRewardsGameLayer.h; path = Classes/PopUpRewardsGameLayer.h; sourceTree = "<group>"; };
		52FE7ABB1B22480D000B5530 /* PopUpAchievementsLayer.cpp */ = {isa = PBXFileReference; fileEncoding = 4; lastKnownFileType = sourcecode.cpp.cpp; name = PopUpAchievementsLayer.cpp; path = Classes/PopUpAchievementsLayer.cpp; sourceTree = "<group>"; };
		52FE7ABC1B22480D000B5530 /* PopUpAchievementsLayer.h */ = {isa = PBXFileReference; fileEncoding = 4; lastKnownFileType = sourcecode.c.h; name = PopUpAchievementsLayer.h; path = Classes/PopUpAchievementsLayer.h; sourceTree = "<group>"; };
/* End PBXFileReference section */

/* Begin PBXFrameworksBuildPhase section */
		07CBA27718DCAFB8004E8B35 /* Frameworks */ = {
			isa = PBXFrameworksBuildPhase;
			buildActionMask = 2147483647;
			files = (
				520ABDBC1B1926D200FAEAE0 /* MobileCoreServices.framework in Frameworks */,
				520ABDBA1B1926A400FAEAE0 /* CoreText.framework in Frameworks */,
				0414D2A7190B30190056C584 /* QuartzCore.framework in Frameworks */,
				0414D29F190B2FC90056C584 /* SystemConfiguration.framework in Frameworks */,
				07E8792518F49D4E002E38F1 /* MessageUI.framework in Frameworks */,
				07E8792318F49D48002E38F1 /* CoreTelephony.framework in Frameworks */,
				07CBA28C18DCAFB9004E8B35 /* CoreGraphics.framework in Frameworks */,
				07CBA28618DCAFB9004E8B35 /* AVFoundation.framework in Frameworks */,
				07CBA28418DCAFB9004E8B35 /* AudioToolbox.framework in Frameworks */,
				07E8792118F49D2C002E38F1 /* AdSupport.framework in Frameworks */,
				07CBA28218DCAFB8004E8B35 /* OpenAL.framework in Frameworks */,
				07CBA61B18DCAFC0004E8B35 /* libwebsockets.a in Frameworks */,
				07CBA28818DCAFB9004E8B35 /* UIKit.framework in Frameworks */,
				07CBA28018DCAFB8004E8B35 /* OpenGLES.framework in Frameworks */,
				07CBA28A18DCAFB9004E8B35 /* Foundation.framework in Frameworks */,
				5214287B1B28D78E00B13E65 /* libRestKit.a in Frameworks */,
				5214287C1B28D78E00B13E65 /* libLootsie.a in Frameworks */,
			);
			runOnlyForDeploymentPostprocessing = 0;
		};
/* End PBXFrameworksBuildPhase section */

/* Begin PBXGroup section */
		041DE32318FF750300301586 /* CommonResources */ = {
			isa = PBXGroup;
			children = (
				0439628819104C020032FE72 /* CartonSixBMP.fnt */,
				0439628919104C020032FE72 /* CartonSixBMP.png */,
				073DC21A190712F4009FCDF8 /* Carton_Six.ttf */,
				070A18AF1905A8E00094F95A /* 1024x768 */,
				041DE38318FF751900301586 /* audio */,
			);
			path = CommonResources;
			sourceTree = "<group>";
		};
		07AC274118E5017100F6AEA0 /* SneakyInputCocos2dx */ = {
			isa = PBXGroup;
			children = (
				07AC274218E5017100F6AEA0 /* SneakyButton.cpp */,
				07AC274318E5017100F6AEA0 /* SneakyButton.h */,
				07AC274418E5017100F6AEA0 /* SneakyButtonSkinnedBase.cpp */,
				07AC274518E5017100F6AEA0 /* SneakyButtonSkinnedBase.h */,
				07AC274618E5017100F6AEA0 /* SneakyJoystick.cpp */,
				07AC274718E5017100F6AEA0 /* SneakyJoystick.h */,
				07AC274818E5017100F6AEA0 /* SneakyJoystickSkinnedBase.cpp */,
				07AC274918E5017100F6AEA0 /* SneakyJoystickSkinnedBase.h */,
			);
			name = SneakyInputCocos2dx;
			path = Classes/SneakyInputCocos2dx;
			sourceTree = "<group>";
		};
		07CBA27118DCAFB8004E8B35 = {
			isa = PBXGroup;
			children = (
				520ABDB71B1920D400FAEAE0 /* LootsieSDKResources.bundle */,
				07CBA28D18DCAFB9004E8B35 /* BTEndlessTunnel */,
				07CBA27C18DCAFB8004E8B35 /* Frameworks */,
				07CBA27B18DCAFB8004E8B35 /* Products */,
			);
			sourceTree = "<group>";
		};
		07CBA27B18DCAFB8004E8B35 /* Products */ = {
			isa = PBXGroup;
			children = (
				07CBA27A18DCAFB8004E8B35 /* BTEndlessTunnel.app */,
			);
			name = Products;
			sourceTree = "<group>";
		};
		07CBA27C18DCAFB8004E8B35 /* Frameworks */ = {
			isa = PBXGroup;
			children = (
				521428791B28D77700B13E65 /* libRestKit.a */,
				520ABDBB1B1926D200FAEAE0 /* MobileCoreServices.framework */,
				520ABDB51B1920C700FAEAE0 /* libRestKit.a */,
				520ABDB31B1920C400FAEAE0 /* libLootsie.a */,
				520ABDAF1B191FA000FAEAE0 /* libRestKit.a */,
				07E8792418F49D4E002E38F1 /* MessageUI.framework */,
				07E8792218F49D48002E38F1 /* CoreTelephony.framework */,
				07E8792018F49D2C002E38F1 /* AdSupport.framework */,
				07E8782D18F48F89002E38F1 /* iAd.framework */,
				07E8781B18F465EA002E38F1 /* libc++.dylib */,
				07E8781918F465E0002E38F1 /* SystemConfiguration.framework */,
				07E8781718F465D7002E38F1 /* Security.framework */,
				07E8781518F465CA002E38F1 /* MediaPlayer.framework */,
				07E8781318F465C3002E38F1 /* CoreText.framework */,
				07E8781118F465BD002E38F1 /* CoreMotion.framework */,
				07E8780F18F465B7002E38F1 /* CoreLocation.framework */,
				07E8780D18F465B2002E38F1 /* CoreData.framework */,
				07E8780B18F465AB002E38F1 /* AssetsLibrary.framework */,
				07E8780918F465A5002E38F1 /* AddressBook.framework */,
				07CBA27D18DCAFB8004E8B35 /* QuartzCore.framework */,
				07CBA27F18DCAFB8004E8B35 /* OpenGLES.framework */,
				07CBA28118DCAFB8004E8B35 /* OpenAL.framework */,
				07CBA28318DCAFB9004E8B35 /* AudioToolbox.framework */,
				07CBA28518DCAFB9004E8B35 /* AVFoundation.framework */,
				07CBA28718DCAFB9004E8B35 /* UIKit.framework */,
				07CBA28918DCAFB9004E8B35 /* Foundation.framework */,
				07CBA28B18DCAFB9004E8B35 /* CoreGraphics.framework */,
			);
			name = Frameworks;
			sourceTree = "<group>";
		};
		07CBA28D18DCAFB9004E8B35 /* BTEndlessTunnel */ = {
			isa = PBXGroup;
			children = (
				041DE32318FF750300301586 /* CommonResources */,
				07CBA28E18DCAFB9004E8B35 /* Resources */,
				07CBA2A618DCAFB9004E8B35 /* ios */,
				07CBA2AF18DCAFB9004E8B35 /* libs */,
				07CBA61E18DCAFC0004E8B35 /* Classes */,
				07CBA61C18DCAFC0004E8B35 /* Supporting Files */,
			);
			path = BTEndlessTunnel;
			sourceTree = "<group>";
		};
		07CBA28E18DCAFB9004E8B35 /* Resources */ = {
			isa = PBXGroup;
			children = (
				0414D283190B2B160056C584 /* AppIcon29x29.png */,
				0414D284190B2B160056C584 /* AppIcon29x29@2x.png */,
				0414D285190B2B160056C584 /* AppIcon40x40.png */,
				0414D286190B2B160056C584 /* AppIcon40x40@2x.png */,
				0414D287190B2B160056C584 /* AppIcon50x50.png */,
				0414D288190B2B160056C584 /* AppIcon50x50@2x.png */,
				0414D289190B2B160056C584 /* AppIcon57x57.png */,
				0414D28A190B2B160056C584 /* AppIcon57x57@2x.png */,
				0414D28B190B2B160056C584 /* AppIcon60x60.png */,
				0414D28C190B2B160056C584 /* AppIcon60x60@2x.png */,
				0414D28D190B2B160056C584 /* AppIcon72x72.png */,
				0414D28E190B2B160056C584 /* AppIcon72x72@2x.png */,
				0414D28F190B2B160056C584 /* AppIcon76x76.png */,
				0414D290190B2B160056C584 /* AppIcon76x76@2x.png */,
				073DC21419070B82009FCDF8 /* iTunesArtwork@2x.png */,
				073DC21519070B82009FCDF8 /* iTunesArtwork.png */,
				07CBA29318DCAFB9004E8B35 /* Default.png */,
				077CBB5718F84EB5005FD669 /* Default-568h@2x.png */,
				077CBB5818F84EB5005FD669 /* Default-Landscape.png */,
				077CBB5918F84EB5005FD669 /* Default-Landscape@2x.png */,
				077CBB5A18F84EB5005FD669 /* Default-Portrait.png */,
				077CBB5B18F84EB5005FD669 /* Default-Portrait@2x.png */,
				077CBB5C18F84EB5005FD669 /* Default@2x.png */,
				07CBA2A518DCAFB9004E8B35 /* Info.plist */,
			);
			name = Resources;
			sourceTree = "<group>";
		};
		07CBA2A618DCAFB9004E8B35 /* ios */ = {
			isa = PBXGroup;
			children = (
				520ABD8B1B191CDD00FAEAE0 /* LootsieManager.h */,
				520ABD8C1B191CDD00FAEAE0 /* LootsieManager.mm */,
				07E8781D18F46656002E38F1 /* PlayGameSingleton.h */,
				07E8781E18F46656002E38F1 /* PlayGameSingleton.mm */,
				07CBA2A718DCAFB9004E8B35 /* AppController.h */,
				07CBA2A818DCAFB9004E8B35 /* AppController.mm */,
				07CBA2AA18DCAFB9004E8B35 /* RootViewController.h */,
				07CBA2AB18DCAFB9004E8B35 /* RootViewController.mm */,
				07CBA2AD18DCAFB9004E8B35 /* main.m */,
			);
			name = ios;
			sourceTree = "<group>";
		};
		07CBA2AF18DCAFB9004E8B35 /* libs */ = {
			isa = PBXGroup;
			children = (
				52530FC71B436CA700055D8A /* cocos2d_libs.xcodeproj */,
				520ABD9B1B191E7500FAEAE0 /* Lootsie.xcodeproj */,
				07CBA61518DCAFC0004E8B35 /* libwebsockets */,
			);
			name = libs;
			sourceTree = "<group>";
		};
		07CBA61518DCAFC0004E8B35 /* libwebsockets */ = {
			isa = PBXGroup;
			children = (
				07CBA61618DCAFC0004E8B35 /* ios */,
			);
			name = libwebsockets;
			sourceTree = "<group>";
		};
		07CBA61618DCAFC0004E8B35 /* ios */ = {
			isa = PBXGroup;
			children = (
				07CBA61718DCAFC0004E8B35 /* include */,
				07CBA61918DCAFC0004E8B35 /* lib */,
			);
			name = ios;
			sourceTree = "<group>";
		};
		07CBA61718DCAFC0004E8B35 /* include */ = {
			isa = PBXGroup;
			children = (
				07CBA61818DCAFC0004E8B35 /* libwebsockets.h */,
			);
			name = include;
			sourceTree = "<group>";
		};
		07CBA61918DCAFC0004E8B35 /* lib */ = {
			isa = PBXGroup;
			children = (
				07CBA61A18DCAFC0004E8B35 /* libwebsockets.a */,
			);
			name = lib;
			sourceTree = "<group>";
		};
		07CBA61C18DCAFC0004E8B35 /* Supporting Files */ = {
			isa = PBXGroup;
			children = (
				07CBA61D18DCAFC0004E8B35 /* Prefix.pch */,
			);
			name = "Supporting Files";
			sourceTree = "<group>";
		};
		07CBA61E18DCAFC0004E8B35 /* Classes */ = {
			isa = PBXGroup;
			children = (
				5246D78E1B34F72900D782F3 /* include */,
				07AC274118E5017100F6AEA0 /* SneakyInputCocos2dx */,
				07CBA62E18DCB00B004E8B35 /* Layers */,
				07CBA62C18DCAFF3004E8B35 /* Models */,
				07CBA62B18DCAFEA004E8B35 /* Helpers */,
				07CBA61F18DCAFC0004E8B35 /* AppDelegate.h */,
				07CBA62018DCAFC0004E8B35 /* AppDelegate.cpp */,
			);
			name = Classes;
			sourceTree = "<group>";
		};
		07CBA62A18DCAFDE004E8B35 /* Vehicles */ = {
			isa = PBXGroup;
			children = (
				07CD155418E4D65600589C27 /* BaseVehicle.cpp */,
				07CD155518E4D65600589C27 /* BaseVehicle.h */,
				07CD155718E4D66100589C27 /* VehicleFrog.cpp */,
				07CD155818E4D66100589C27 /* VehicleFrog.h */,
			);
			name = Vehicles;
			sourceTree = "<group>";
		};
		07CBA62B18DCAFEA004E8B35 /* Helpers */ = {
			isa = PBXGroup;
			children = (
				04396285191031A50032FE72 /* JNIHelpers.cpp */,
				04396286191031A50032FE72 /* JNIHelpers.h */,
				07E8782918F46688002E38F1 /* NativeUtils.cpp */,
				07E8782A18F46688002E38F1 /* NativeUtils.h */,
				07E8782B18F46688002E38F1 /* PlayGameConstants.h */,
				07CBA63118DCB042004E8B35 /* Constants.h */,
				07CBA63318DCB099004E8B35 /* AppMacros.h */,
				07EC9E0B18EB203500E2C037 /* LocalStorageManager.cpp */,
				07EC9E0C18EB203500E2C037 /* LocalStorageManager.h */,
				07EC9E0E18EB204000E2C037 /* Utils.cpp */,
				07EC9E0F18EB204000E2C037 /* Utils.h */,
				0444D42A1902C4C2001E04D7 /* Globals.cpp */,
				0444D42B1902C4C2001E04D7 /* Globals.h */,
			);
			name = Helpers;
			sourceTree = "<group>";
		};
		07CBA62C18DCAFF3004E8B35 /* Models */ = {
			isa = PBXGroup;
			children = (
				07CD154718E4D60500589C27 /* Obstacles */,
				07CBA62A18DCAFDE004E8B35 /* Vehicles */,
			);
			name = Models;
			sourceTree = "<group>";
		};
		07CBA62D18DCB000004E8B35 /* Scenes */ = {
			isa = PBXGroup;
			children = (
				07EC9DF818EB19B200E2C037 /* HomeScene.cpp */,
				07EC9DF918EB19B200E2C037 /* HomeScene.h */,
			);
			name = Scenes;
			sourceTree = "<group>";
		};
		07CBA62E18DCB00B004E8B35 /* Layers */ = {
			isa = PBXGroup;
			children = (
				07CBA62D18DCB000004E8B35 /* Scenes */,
				07AC273C18E500E100F6AEA0 /* GameLayer.cpp */,
				07AC273D18E500E100F6AEA0 /* GameLayer.h */,
				07EC9DFB18EB19BF00E2C037 /* HomeLayer.cpp */,
				07EC9DFC18EB19BF00E2C037 /* HomeLayer.h */,
				07EC9DFE18EB19DB00E2C037 /* SettingsLayer.cpp */,
				07EC9DFF18EB19DB00E2C037 /* SettingsLayer.h */,
				52FE7ABB1B22480D000B5530 /* PopUpAchievementsLayer.cpp */,
				52FE7ABC1B22480D000B5530 /* PopUpAchievementsLayer.h */,
				07EC9E0418EB1E4000E2C037 /* PopUpLoseLayer.cpp */,
				07EC9E0518EB1E4000E2C037 /* PopUpLoseLayer.h */,
				528CA4701B33932700435C9A /* PopUpRewardsGameLayer.cpp */,
				528CA4711B33932700435C9A /* PopUpRewardsGameLayer.h */,
				524E11981B2B7CFE00FDF554 /* PopUpRewardsLayer.cpp */,
				524E11941B2B7CD100FDF554 /* PopUpRewardsLayer.h */,
				522687B51B3096AF0090F358 /* RewardDisplay.cpp */,
				522687B11B30960C0090F358 /* RewardDisplay.h */,
				07EC9E1118EB442C00E2C037 /* PauseLayer.cpp */,
				07EC9E1218EB442C00E2C037 /* PauseLayer.h */,
				07AC273918E500DA00F6AEA0 /* HudLayer.cpp */,
				07AC273A18E500DA00F6AEA0 /* HudLayer.h */,
				521428811B28DDCC00B13E65 /* BTLootsieAchievement.h */,
				524E119B1B2B9E7400FDF554 /* BTLootsieReward.h */,
			);
			name = Layers;
			sourceTree = "<group>";
		};
		07CD154718E4D60500589C27 /* Obstacles */ = {
			isa = PBXGroup;
			children = (
				07CD154818E4D61400589C27 /* BaseObstacle.cpp */,
				07CD154918E4D61400589C27 /* BaseObstacle.h */,
				07CD154B18E4D62500589C27 /* ObstacleSimple.cpp */,
				07CD154C18E4D62500589C27 /* ObstacleSimple.h */,
				07CD154E18E4D63500589C27 /* ObstacleDoble.cpp */,
				07CD154F18E4D63500589C27 /* ObstacleDoble.h */,
				07CD155118E4D64100589C27 /* ObstacleDobleAir.cpp */,
				07CD155218E4D64100589C27 /* ObstacleDobleAir.h */,
			);
			name = Obstacles;
			sourceTree = "<group>";
		};
		520ABD9C1B191E7500FAEAE0 /* Products */ = {
			isa = PBXGroup;
			children = (
				520ABDA31B191E7500FAEAE0 /* libLootsie.a */,
				520ABDA51B191E7500FAEAE0 /* LootsieTests.xctest */,
				520ABDA71B191E7500FAEAE0 /* LootsieSDKResources.bundle */,
			);
			name = Products;
			sourceTree = "<group>";
		};
		5246D78E1B34F72900D782F3 /* include */ = {
			isa = PBXGroup;
			children = (
				5246D78F1B34F72900D782F3 /* rapidjson */,
			);
			name = include;
			path = Classes/include;
			sourceTree = "<group>";
		};
		5246D78F1B34F72900D782F3 /* rapidjson */ = {
			isa = PBXGroup;
			children = (
				5246D7901B34F72900D782F3 /* document.h */,
				5246D7911B34F72900D782F3 /* filestream.h */,
				5246D7921B34F72900D782F3 /* internal */,
				5246D7961B34F72900D782F3 /* prettywriter.h */,
				5246D7971B34F72900D782F3 /* rapidjson.h */,
				5246D7981B34F72900D782F3 /* reader.h */,
				5246D7991B34F72900D782F3 /* stringbuffer.h */,
				5246D79A1B34F72900D782F3 /* writer.h */,
			);
			path = rapidjson;
			sourceTree = "<group>";
		};
		5246D7921B34F72900D782F3 /* internal */ = {
			isa = PBXGroup;
			children = (
				5246D7931B34F72900D782F3 /* pow10.h */,
				5246D7941B34F72900D782F3 /* stack.h */,
				5246D7951B34F72900D782F3 /* strfunc.h */,
			);
			path = internal;
			sourceTree = "<group>";
		};
		52530FC81B436CA700055D8A /* Products */ = {
			isa = PBXGroup;
			children = (
				52530FCD1B436CA800055D8A /* libcocos2d Mac.a */,
				52530FCF1B436CA800055D8A /* libcocos2d iOS.a */,
			);
			name = Products;
			sourceTree = "<group>";
		};
/* End PBXGroup section */

/* Begin PBXNativeTarget section */
		07CBA27918DCAFB8004E8B35 /* BTEndlessTunnel */ = {
			isa = PBXNativeTarget;
			buildConfigurationList = 07CBA62718DCAFC0004E8B35 /* Build configuration list for PBXNativeTarget "BTEndlessTunnel" */;
			buildPhases = (
				07CBA27618DCAFB8004E8B35 /* Sources */,
				07CBA27718DCAFB8004E8B35 /* Frameworks */,
				07CBA27818DCAFB8004E8B35 /* Resources */,
			);
			buildRules = (
			);
			dependencies = (
			);
			name = BTEndlessTunnel;
			productName = BTEndlessTunnel;
			productReference = 07CBA27A18DCAFB8004E8B35 /* BTEndlessTunnel.app */;
			productType = "com.apple.product-type.application";
		};
/* End PBXNativeTarget section */

/* Begin PBXProject section */
		07CBA27218DCAFB8004E8B35 /* Project object */ = {
			isa = PBXProject;
			attributes = {
				LastUpgradeCheck = 0510;
				TargetAttributes = {
					07CBA27918DCAFB8004E8B35 = {
						DevelopmentTeam = 8CL69GL5L4;
						SystemCapabilities = {
							com.apple.GameCenter = {
								enabled = 0;
							};
							com.apple.InAppPurchase = {
								enabled = 0;
							};
						};
					};
				};
			};
			buildConfigurationList = 07CBA27518DCAFB8004E8B35 /* Build configuration list for PBXProject "BTEndlessTunnel" */;
			compatibilityVersion = "Xcode 3.2";
			developmentRegion = English;
			hasScannedForEncodings = 0;
			knownRegions = (
				en,
			);
			mainGroup = 07CBA27118DCAFB8004E8B35;
			productRefGroup = 07CBA27B18DCAFB8004E8B35 /* Products */;
			projectDirPath = "";
			projectReferences = (
				{
					ProductGroup = 52530FC81B436CA700055D8A /* Products */;
					ProjectRef = 52530FC71B436CA700055D8A /* cocos2d_libs.xcodeproj */;
				},
				{
					ProductGroup = 520ABD9C1B191E7500FAEAE0 /* Products */;
					ProjectRef = 520ABD9B1B191E7500FAEAE0 /* Lootsie.xcodeproj */;
				},
			);
			projectRoot = "";
			targets = (
				07CBA27918DCAFB8004E8B35 /* BTEndlessTunnel */,
			);
		};
/* End PBXProject section */

/* Begin PBXReferenceProxy section */
		520ABDA31B191E7500FAEAE0 /* libLootsie.a */ = {
			isa = PBXReferenceProxy;
			fileType = archive.ar;
			path = libLootsie.a;
			remoteRef = 520ABDA21B191E7500FAEAE0 /* PBXContainerItemProxy */;
			sourceTree = BUILT_PRODUCTS_DIR;
		};
		520ABDA51B191E7500FAEAE0 /* LootsieTests.xctest */ = {
			isa = PBXReferenceProxy;
			fileType = wrapper.cfbundle;
			path = LootsieTests.xctest;
			remoteRef = 520ABDA41B191E7500FAEAE0 /* PBXContainerItemProxy */;
			sourceTree = BUILT_PRODUCTS_DIR;
		};
		520ABDA71B191E7500FAEAE0 /* LootsieSDKResources.bundle */ = {
			isa = PBXReferenceProxy;
			fileType = wrapper.cfbundle;
			path = LootsieSDKResources.bundle;
			remoteRef = 520ABDA61B191E7500FAEAE0 /* PBXContainerItemProxy */;
			sourceTree = BUILT_PRODUCTS_DIR;
		};
		52530FCD1B436CA800055D8A /* libcocos2d Mac.a */ = {
			isa = PBXReferenceProxy;
			fileType = archive.ar;
			path = "libcocos2d Mac.a";
			remoteRef = 52530FCC1B436CA800055D8A /* PBXContainerItemProxy */;
			sourceTree = BUILT_PRODUCTS_DIR;
		};
		52530FCF1B436CA800055D8A /* libcocos2d iOS.a */ = {
			isa = PBXReferenceProxy;
			fileType = archive.ar;
			path = "libcocos2d iOS.a";
			remoteRef = 52530FCE1B436CA800055D8A /* PBXContainerItemProxy */;
			sourceTree = BUILT_PRODUCTS_DIR;
		};
/* End PBXReferenceProxy section */

/* Begin PBXResourcesBuildPhase section */
		07CBA27818DCAFB8004E8B35 /* Resources */ = {
			isa = PBXResourcesBuildPhase;
			buildActionMask = 2147483647;
			files = (
				520ABDB81B1920D400FAEAE0 /* LootsieSDKResources.bundle in Resources */,
				0439628B19104C020032FE72 /* CartonSixBMP.png in Resources */,
				077CBB6218F84EB5005FD669 /* Default@2x.png in Resources */,
				0414D29E190B2B160056C584 /* AppIcon76x76@2x.png in Resources */,
				0414D299190B2B160056C584 /* AppIcon60x60.png in Resources */,
				0414D293190B2B160056C584 /* AppIcon40x40.png in Resources */,
				0414D298190B2B160056C584 /* AppIcon57x57@2x.png in Resources */,
				0414D292190B2B160056C584 /* AppIcon29x29@2x.png in Resources */,
				077CBB6118F84EB5005FD669 /* Default-Portrait@2x.png in Resources */,
				070A18B01905A8E00094F95A /* 1024x768 in Resources */,
				041DE38618FF751900301586 /* audio in Resources */,
				0414D29A190B2B160056C584 /* AppIcon60x60@2x.png in Resources */,
				07CBA29418DCAFB9004E8B35 /* Default.png in Resources */,
				073DC21B190712F4009FCDF8 /* Carton_Six.ttf in Resources */,
				077CBB5D18F84EB5005FD669 /* Default-568h@2x.png in Resources */,
				073DC21619070B82009FCDF8 /* iTunesArtwork@2x.png in Resources */,
				077CBB5E18F84EB5005FD669 /* Default-Landscape.png in Resources */,
				0414D291190B2B160056C584 /* AppIcon29x29.png in Resources */,
				077CBB5F18F84EB5005FD669 /* Default-Landscape@2x.png in Resources */,
				0414D295190B2B160056C584 /* AppIcon50x50.png in Resources */,
				0414D294190B2B160056C584 /* AppIcon40x40@2x.png in Resources */,
				0414D297190B2B160056C584 /* AppIcon57x57.png in Resources */,
				077CBB6018F84EB5005FD669 /* Default-Portrait.png in Resources */,
				073DC21719070B82009FCDF8 /* iTunesArtwork.png in Resources */,
				0414D29D190B2B160056C584 /* AppIcon76x76.png in Resources */,
				0414D29C190B2B160056C584 /* AppIcon72x72@2x.png in Resources */,
				0439628A19104C020032FE72 /* CartonSixBMP.fnt in Resources */,
				0414D296190B2B160056C584 /* AppIcon50x50@2x.png in Resources */,
				0414D29B190B2B160056C584 /* AppIcon72x72.png in Resources */,
			);
			runOnlyForDeploymentPostprocessing = 0;
		};
/* End PBXResourcesBuildPhase section */

/* Begin PBXSourcesBuildPhase section */
		07CBA27618DCAFB8004E8B35 /* Sources */ = {
			isa = PBXSourcesBuildPhase;
			buildActionMask = 2147483647;
			files = (
				07CD155018E4D63500589C27 /* ObstacleDoble.cpp in Sources */,
				07CBA2AC18DCAFB9004E8B35 /* RootViewController.mm in Sources */,
				07AC274C18E5017100F6AEA0 /* SneakyJoystick.cpp in Sources */,
				07CD155918E4D66100589C27 /* VehicleFrog.cpp in Sources */,
				07EC9E0618EB1E4000E2C037 /* PopUpLoseLayer.cpp in Sources */,
				07EC9E1318EB442C00E2C037 /* PauseLayer.cpp in Sources */,
				07AC274B18E5017100F6AEA0 /* SneakyButtonSkinnedBase.cpp in Sources */,
				524E11991B2B7CFE00FDF554 /* PopUpRewardsLayer.cpp in Sources */,
				07EC9E0D18EB203500E2C037 /* LocalStorageManager.cpp in Sources */,
				07AC273E18E500E100F6AEA0 /* GameLayer.cpp in Sources */,
				07EC9DFD18EB19BF00E2C037 /* HomeLayer.cpp in Sources */,
				07EC9E1018EB204000E2C037 /* Utils.cpp in Sources */,
				04396287191031A50032FE72 /* JNIHelpers.cpp in Sources */,
				07CD155318E4D64100589C27 /* ObstacleDobleAir.cpp in Sources */,
				07AC274A18E5017100F6AEA0 /* SneakyButton.cpp in Sources */,
				522687B61B3096AF0090F358 /* RewardDisplay.cpp in Sources */,
				07E8782C18F46688002E38F1 /* NativeUtils.cpp in Sources */,
				07CD154D18E4D62500589C27 /* ObstacleSimple.cpp in Sources */,
				07E8782518F46656002E38F1 /* PlayGameSingleton.mm in Sources */,
				07AC274D18E5017100F6AEA0 /* SneakyJoystickSkinnedBase.cpp in Sources */,
				528CA4721B33932700435C9A /* PopUpRewardsGameLayer.cpp in Sources */,
				07CD155618E4D65600589C27 /* BaseVehicle.cpp in Sources */,
				07AC273B18E500DA00F6AEA0 /* HudLayer.cpp in Sources */,
				07CD154A18E4D61400589C27 /* BaseObstacle.cpp in Sources */,
				52FE7ABD1B22480D000B5530 /* PopUpAchievementsLayer.cpp in Sources */,
				520ABD8D1B191CDD00FAEAE0 /* LootsieManager.mm in Sources */,
				07EC9E0018EB19DB00E2C037 /* SettingsLayer.cpp in Sources */,
				07CBA2AE18DCAFB9004E8B35 /* main.m in Sources */,
				07EC9DFA18EB19B200E2C037 /* HomeScene.cpp in Sources */,
				07CBA2A918DCAFB9004E8B35 /* AppController.mm in Sources */,
				0444D42C1902C4C2001E04D7 /* Globals.cpp in Sources */,
				07CBA62118DCAFC0004E8B35 /* AppDelegate.cpp in Sources */,
			);
			runOnlyForDeploymentPostprocessing = 0;
		};
/* End PBXSourcesBuildPhase section */

/* Begin XCBuildConfiguration section */
		07CBA62518DCAFC0004E8B35 /* Debug */ = {
			isa = XCBuildConfiguration;
			buildSettings = {
				ARCHS = "$(ARCHS_STANDARD_32_BIT)";
				CODE_SIGN_IDENTITY = "iPhone Developer";
				"CODE_SIGN_IDENTITY[sdk=iphoneos*]" = "iPhone Developer";
				GCC_C_LANGUAGE_STANDARD = gnu99;
				GCC_OPTIMIZATION_LEVEL = 0;
				GCC_PREPROCESSOR_DEFINITIONS = (
					DEBUG,
					"COCOS2D_DEBUG=1",
					USE_FILE32API,
					CC_TARGET_OS_IPHONE,
					"CC_ENABLE_CHIPMUNK_INTEGRATION=1",
				);
				GCC_SYMBOLS_PRIVATE_EXTERN = NO;
				GCC_WARN_ABOUT_RETURN_TYPE = YES;
				GCC_WARN_UNUSED_VARIABLE = YES;
				HEADER_SEARCH_PATHS = (
					"\"$(PROJECT_NAME)/libs/cocos2dx/kazmath/include\"",
					"\"$(PROJECT_NAME)/libs/cocos2dx\"",
					"\"$(PROJECT_NAME)/libs/CocosDenshion/include\"",
					"\"$(PROJECT_NAME)/libs/extensions\"",
					"\"$(PROJECT_NAME)/libs/cocos2dx/include\"",
					"\"$(PROJECT_NAME)/libs/cocos2dx/platform/third_party/ios\"",
					"\"$(PROJECT_NAME)/libs/cocos2dx/platform/ios\"",
				);
				IPHONEOS_DEPLOYMENT_TARGET = 7.1;
				PROVISIONING_PROFILE = "5C1551E5-8993-4B9F-8B27-12E084E4920C";
				SDKROOT = iphoneos;
				TARGETED_DEVICE_FAMILY = "1,2";
			};
			name = Debug;
		};
		07CBA62618DCAFC0004E8B35 /* Release */ = {
			isa = XCBuildConfiguration;
			buildSettings = {
				ARCHS = "$(ARCHS_STANDARD_32_BIT)";
				CODE_SIGN_IDENTITY = "iPhone Distribution: Carlos Pinan Indacochea (78S83S4VV9)";
				"CODE_SIGN_IDENTITY[sdk=iphoneos*]" = "iPhone Distribution: Carlos Pinan Indacochea (78S83S4VV9)";
				GCC_C_LANGUAGE_STANDARD = gnu99;
				GCC_PREPROCESSOR_DEFINITIONS = (
					NDEBUG,
					USE_FILE32API,
					CC_TARGET_OS_IPHONE,
					"CC_ENABLE_CHIPMUNK_INTEGRATION=1",
				);
				GCC_WARN_ABOUT_RETURN_TYPE = YES;
				GCC_WARN_UNUSED_VARIABLE = YES;
				HEADER_SEARCH_PATHS = (
					"\"$(PROJECT_NAME)/libs/cocos2dx/kazmath/include\"",
					"\"$(PROJECT_NAME)/libs/cocos2dx\"",
					"\"$(PROJECT_NAME)/libs/CocosDenshion/include\"",
					"\"$(PROJECT_NAME)/libs/extensions\"",
					"\"$(PROJECT_NAME)/libs/cocos2dx/include\"",
					"\"$(PROJECT_NAME)/libs/cocos2dx/platform/third_party/ios\"",
					"\"$(PROJECT_NAME)/libs/cocos2dx/platform/ios\"",
				);
				IPHONEOS_DEPLOYMENT_TARGET = 7.1;
				OTHER_CFLAGS = "-DNS_BLOCK_ASSERTIONS=1";
				PROVISIONING_PROFILE = "52B7938F-0EC0-428D-8A4E-391DA5D4590D";
				SDKROOT = iphoneos;
				TARGETED_DEVICE_FAMILY = "1,2";
			};
			name = Release;
		};
		07CBA62818DCAFC0004E8B35 /* Debug */ = {
			isa = XCBuildConfiguration;
			buildSettings = {
				ALWAYS_SEARCH_USER_PATHS = NO;
				CLANG_CXX_LANGUAGE_STANDARD = "c++0x";
				CLANG_CXX_LIBRARY = "libc++";
				CODE_SIGN_IDENTITY = "iPhone Developer";
				"CODE_SIGN_IDENTITY[sdk=iphoneos*]" = "iPhone Developer";
				COPY_PHASE_STRIP = NO;
				FRAMEWORK_SEARCH_PATHS = (
					"$(inherited)",
					"$(PROJECT_DIR)/BTEndlessTunnel/ios",
				);
				GCC_C_LANGUAGE_STANDARD = gnu99;
				GCC_DYNAMIC_NO_PIC = NO;
				GCC_PRECOMPILE_PREFIX_HEADER = YES;
				GCC_PREFIX_HEADER = BTEndlessTunnel/Prefix.pch;
				GCC_PREPROCESSOR_DEFINITIONS = "$(inherited)";
				"GCC_THUMB_SUPPORT[arch=armv6]" = "";
				HEADER_SEARCH_PATHS = (
					"$(PROJECT_NAME)/libs/cocos2d-x-3.6/cocos/**",
					"$(TARGET_BUILD_DIR)/include/**",
					"\"$(PROJECT_NAME)/libs/cocos2dx/kazmath/include\"",
					"\"$(PROJECT_NAME)/libs/cocos2dx\"",
					"\"$(PROJECT_NAME)/libs/CocosDenshion/include\"",
					"\"$(PROJECT_NAME)/libs/extensions\"",
					"\"$(PROJECT_NAME)/libs/cocos2dx/include\"",
					"\"$(PROJECT_NAME)/libs/cocos2dx/platform/third_party/ios\"",
					"\"$(PROJECT_NAME)/libs/cocos2dx/platform/ios\"",
				);
				INFOPLIST_FILE = BTEndlessTunnel/Resources/Info.plist;
				IPHONEOS_DEPLOYMENT_TARGET = 6.1;
				LIBRARY_SEARCH_PATHS = (
					"$(inherited)",
					"$(PROJECT_DIR)/BTEndlessTunnel/libs/cocos2dx/platform/third_party/ios/libraries",
					"$(PROJECT_DIR)/BTEndlessTunnel/libs/libwebsockets/ios/lib",
					"$(PROJECT_DIR)/Build/Products/Debug-iphonesimulator",
					"$(PROJECT_DIR)/BTEndlessTunnel/libs/cocos2dx/platform/third_party/android/prebuilt/libcurl/libs/armeabi",
					"$(PROJECT_DIR)/BTEndlessTunnel/libs/cocos2dx/platform/third_party/android/prebuilt/libcurl/libs/armeabi-v7a",
					"$(PROJECT_DIR)/BTEndlessTunnel/libs/cocos2dx/platform/third_party/android/prebuilt/libcurl/libs/x86",
					"$(PROJECT_DIR)/BTEndlessTunnel/libs/cocos2dx/platform/third_party/android/prebuilt/libjpeg/libs/armeabi",
					"$(PROJECT_DIR)/BTEndlessTunnel/libs/cocos2dx/platform/third_party/android/prebuilt/libjpeg/libs/armeabi-v7a",
					"$(PROJECT_DIR)/BTEndlessTunnel/libs/cocos2dx/platform/third_party/android/prebuilt/libjpeg/libs/x86",
					"$(PROJECT_DIR)/BTEndlessTunnel/libs/cocos2dx/platform/third_party/android/prebuilt/libpng/libs/armeabi",
					"$(PROJECT_DIR)/BTEndlessTunnel/libs/cocos2dx/platform/third_party/android/prebuilt/libpng/libs/armeabi-v7a",
					"$(PROJECT_DIR)/BTEndlessTunnel/libs/cocos2dx/platform/third_party/android/prebuilt/libpng/libs/x86",
					"$(PROJECT_DIR)/BTEndlessTunnel/libs/cocos2dx/platform/third_party/android/prebuilt/libtiff/libs/armeabi",
					"$(PROJECT_DIR)/BTEndlessTunnel/libs/cocos2dx/platform/third_party/android/prebuilt/libtiff/libs/armeabi-v7a",
					"$(PROJECT_DIR)/BTEndlessTunnel/libs/cocos2dx/platform/third_party/android/prebuilt/libtiff/libs/x86",
					"$(PROJECT_DIR)/BTEndlessTunnel/libs/cocos2dx/platform/third_party/android/prebuilt/libwebp/libs/armeabi",
					"$(PROJECT_DIR)/BTEndlessTunnel/libs/cocos2dx/platform/third_party/android/prebuilt/libwebp/libs/armeabi-v7a",
					"$(PROJECT_DIR)/BTEndlessTunnel/libs/cocos2dx/platform/third_party/android/prebuilt/libwebp/libs/x86",
					"$(PROJECT_DIR)/BTEndlessTunnel/libs/cocos2dx/platform/third_party/blackberry/libraries/armle-v7",
					"$(PROJECT_DIR)/BTEndlessTunnel/libs/cocos2dx/platform/third_party/blackberry/libraries/x86",
					"$(PROJECT_DIR)/BTEndlessTunnel/libs/cocos2dx/platform/third_party/emscripten/libraries",
					"$(PROJECT_DIR)/BTEndlessTunnel/libs/cocos2dx/platform/third_party/linux/libraries/lib64",
					"$(PROJECT_DIR)/BTEndlessTunnel/libs/cocos2dx/platform/third_party/linux/libraries",
					"$(PROJECT_DIR)/BTEndlessTunnel/libs/cocos2dx/platform/third_party/mac/libraries",
					"$(PROJECT_DIR)/BTEndlessTunnel/libs/cocos2dx/platform/third_party/tizen/prebuilt/libwebp/libs/armv7l",
					"$(PROJECT_DIR)/BTEndlessTunnel/libs/cocos2dx/platform/third_party/tizen/prebuilt/libwebp/libs/x86",
					"$(PROJECT_DIR)/BTEndlessTunnel/libs/cocos2dx/platform/third_party/win32/libraries",
					"$(PROJECT_DIR)/BTEndlessTunnel/libs/cocos2dx/platform/third_party/winrt/libraries/vs2012/ARM",
					"$(PROJECT_DIR)/BTEndlessTunnel/libs/cocos2dx/platform/third_party/winrt/libraries/vs2012/Win32",
					"$(PROJECT_DIR)/BTEndlessTunnel/libs/cocos2dx/platform/third_party/winrt/libraries/vs2013/ARM",
					"$(PROJECT_DIR)/BTEndlessTunnel/libs/cocos2dx/platform/third_party/winrt/libraries/vs2013/Win32",
					"$(PROJECT_DIR)/BTEndlessTunnel/libs/cocos2dx/platform/third_party/wp8/libraries/arm",
					"$(PROJECT_DIR)/BTEndlessTunnel/libs/cocos2dx/platform/third_party/wp8/libraries/x86",
					"$(PROJECT_DIR)/BTEndlessTunnel/libs/CocosDenshion/third_party/blackberry/libraries/armle-v7",
					"$(PROJECT_DIR)/BTEndlessTunnel/libs/CocosDenshion/third_party/blackberry/libraries/x86",
				);
				OTHER_LDFLAGS = (
					"-lxml2",
					"-lz",
					"-lsqlite3",
					"-ObjC",
				);
				PRODUCT_NAME = "$(TARGET_NAME)";
				PROVISIONING_PROFILE = "";
				USER_HEADER_SEARCH_PATHS = "\"BTEndlessTunnel/libs/Chipmunk/include/chipmunk\"";
				VALID_ARCHS = "arm64 armv7 armv7s i386";
				WRAPPER_EXTENSION = app;
			};
			name = Debug;
		};
		07CBA62918DCAFC0004E8B35 /* Release */ = {
			isa = XCBuildConfiguration;
			buildSettings = {
				ALWAYS_SEARCH_USER_PATHS = NO;
				CLANG_CXX_LANGUAGE_STANDARD = "c++0x";
				CLANG_CXX_LIBRARY = "libc++";
				CODE_SIGN_IDENTITY = "iPhone Developer";
				"CODE_SIGN_IDENTITY[sdk=iphoneos*]" = "iPhone Developer";
				COPY_PHASE_STRIP = YES;
				FRAMEWORK_SEARCH_PATHS = (
					"$(inherited)",
					"$(PROJECT_DIR)/BTEndlessTunnel/ios",
				);
				GCC_C_LANGUAGE_STANDARD = gnu99;
				GCC_PRECOMPILE_PREFIX_HEADER = YES;
				GCC_PREFIX_HEADER = BTEndlessTunnel/Prefix.pch;
				GCC_PREPROCESSOR_DEFINITIONS = "$(inherited)";
				"GCC_THUMB_SUPPORT[arch=armv6]" = "";
				HEADER_SEARCH_PATHS = (
					"$(PROJECT_NAME)/libs/cocos2d-x-3.6/cocos/**",
					"$(TARGET_BUILD_DIR)/include/**",
					"\"$(PROJECT_NAME)/libs/cocos2dx/kazmath/include\"",
					"\"$(PROJECT_NAME)/libs/cocos2dx\"",
					"\"$(PROJECT_NAME)/libs/CocosDenshion/include\"",
					"\"$(PROJECT_NAME)/libs/extensions\"",
					"\"$(PROJECT_NAME)/libs/cocos2dx/include\"",
					"\"$(PROJECT_NAME)/libs/cocos2dx/platform/third_party/ios\"",
					"\"$(PROJECT_NAME)/libs/cocos2dx/platform/ios\"",
				);
				INFOPLIST_FILE = BTEndlessTunnel/Resources/Info.plist;
				IPHONEOS_DEPLOYMENT_TARGET = 6.1;
				LIBRARY_SEARCH_PATHS = (
					"$(inherited)",
					"$(PROJECT_DIR)/BTEndlessTunnel/libs/cocos2dx/platform/third_party/ios/libraries",
					"$(PROJECT_DIR)/BTEndlessTunnel/libs/libwebsockets/ios/lib",
					"$(PROJECT_DIR)/Build/Products/Debug-iphonesimulator",
					"$(PROJECT_DIR)/BTEndlessTunnel/libs/cocos2dx/platform/third_party/android/prebuilt/libcurl/libs/armeabi",
					"$(PROJECT_DIR)/BTEndlessTunnel/libs/cocos2dx/platform/third_party/android/prebuilt/libcurl/libs/armeabi-v7a",
					"$(PROJECT_DIR)/BTEndlessTunnel/libs/cocos2dx/platform/third_party/android/prebuilt/libcurl/libs/x86",
					"$(PROJECT_DIR)/BTEndlessTunnel/libs/cocos2dx/platform/third_party/android/prebuilt/libjpeg/libs/armeabi",
					"$(PROJECT_DIR)/BTEndlessTunnel/libs/cocos2dx/platform/third_party/android/prebuilt/libjpeg/libs/armeabi-v7a",
					"$(PROJECT_DIR)/BTEndlessTunnel/libs/cocos2dx/platform/third_party/android/prebuilt/libjpeg/libs/x86",
					"$(PROJECT_DIR)/BTEndlessTunnel/libs/cocos2dx/platform/third_party/android/prebuilt/libpng/libs/armeabi",
					"$(PROJECT_DIR)/BTEndlessTunnel/libs/cocos2dx/platform/third_party/android/prebuilt/libpng/libs/armeabi-v7a",
					"$(PROJECT_DIR)/BTEndlessTunnel/libs/cocos2dx/platform/third_party/android/prebuilt/libpng/libs/x86",
					"$(PROJECT_DIR)/BTEndlessTunnel/libs/cocos2dx/platform/third_party/android/prebuilt/libtiff/libs/armeabi",
					"$(PROJECT_DIR)/BTEndlessTunnel/libs/cocos2dx/platform/third_party/android/prebuilt/libtiff/libs/armeabi-v7a",
					"$(PROJECT_DIR)/BTEndlessTunnel/libs/cocos2dx/platform/third_party/android/prebuilt/libtiff/libs/x86",
					"$(PROJECT_DIR)/BTEndlessTunnel/libs/cocos2dx/platform/third_party/android/prebuilt/libwebp/libs/armeabi",
					"$(PROJECT_DIR)/BTEndlessTunnel/libs/cocos2dx/platform/third_party/android/prebuilt/libwebp/libs/armeabi-v7a",
					"$(PROJECT_DIR)/BTEndlessTunnel/libs/cocos2dx/platform/third_party/android/prebuilt/libwebp/libs/x86",
					"$(PROJECT_DIR)/BTEndlessTunnel/libs/cocos2dx/platform/third_party/blackberry/libraries/armle-v7",
					"$(PROJECT_DIR)/BTEndlessTunnel/libs/cocos2dx/platform/third_party/blackberry/libraries/x86",
					"$(PROJECT_DIR)/BTEndlessTunnel/libs/cocos2dx/platform/third_party/emscripten/libraries",
					"$(PROJECT_DIR)/BTEndlessTunnel/libs/cocos2dx/platform/third_party/linux/libraries/lib64",
					"$(PROJECT_DIR)/BTEndlessTunnel/libs/cocos2dx/platform/third_party/linux/libraries",
					"$(PROJECT_DIR)/BTEndlessTunnel/libs/cocos2dx/platform/third_party/mac/libraries",
					"$(PROJECT_DIR)/BTEndlessTunnel/libs/cocos2dx/platform/third_party/tizen/prebuilt/libwebp/libs/armv7l",
					"$(PROJECT_DIR)/BTEndlessTunnel/libs/cocos2dx/platform/third_party/tizen/prebuilt/libwebp/libs/x86",
					"$(PROJECT_DIR)/BTEndlessTunnel/libs/cocos2dx/platform/third_party/win32/libraries",
					"$(PROJECT_DIR)/BTEndlessTunnel/libs/cocos2dx/platform/third_party/winrt/libraries/vs2012/ARM",
					"$(PROJECT_DIR)/BTEndlessTunnel/libs/cocos2dx/platform/third_party/winrt/libraries/vs2012/Win32",
					"$(PROJECT_DIR)/BTEndlessTunnel/libs/cocos2dx/platform/third_party/winrt/libraries/vs2013/ARM",
					"$(PROJECT_DIR)/BTEndlessTunnel/libs/cocos2dx/platform/third_party/winrt/libraries/vs2013/Win32",
					"$(PROJECT_DIR)/BTEndlessTunnel/libs/cocos2dx/platform/third_party/wp8/libraries/arm",
					"$(PROJECT_DIR)/BTEndlessTunnel/libs/cocos2dx/platform/third_party/wp8/libraries/x86",
					"$(PROJECT_DIR)/BTEndlessTunnel/libs/CocosDenshion/third_party/blackberry/libraries/armle-v7",
					"$(PROJECT_DIR)/BTEndlessTunnel/libs/CocosDenshion/third_party/blackberry/libraries/x86",
				);
				OTHER_LDFLAGS = (
					"-lxml2",
					"-lz",
					"-lsqlite3",
					"-ObjC",
				);
				PRODUCT_NAME = "$(TARGET_NAME)";
				PROVISIONING_PROFILE = "";
				USER_HEADER_SEARCH_PATHS = "\"BTEndlessTunnel/libs/Chipmunk/include/chipmunk\"";
				VALIDATE_PRODUCT = YES;
				VALID_ARCHS = "arm64 armv7 armv7s i386";
				WRAPPER_EXTENSION = app;
			};
			name = Release;
		};
/* End XCBuildConfiguration section */

/* Begin XCConfigurationList section */
		07CBA27518DCAFB8004E8B35 /* Build configuration list for PBXProject "BTEndlessTunnel" */ = {
			isa = XCConfigurationList;
			buildConfigurations = (
				07CBA62518DCAFC0004E8B35 /* Debug */,
				07CBA62618DCAFC0004E8B35 /* Release */,
			);
			defaultConfigurationIsVisible = 0;
			defaultConfigurationName = Release;
		};
		07CBA62718DCAFC0004E8B35 /* Build configuration list for PBXNativeTarget "BTEndlessTunnel" */ = {
			isa = XCConfigurationList;
			buildConfigurations = (
				07CBA62818DCAFC0004E8B35 /* Debug */,
				07CBA62918DCAFC0004E8B35 /* Release */,
			);
			defaultConfigurationIsVisible = 0;
			defaultConfigurationName = Release;
		};
/* End XCConfigurationList section */
	};
	rootObject = 07CBA27218DCAFB8004E8B35 /* Project object */;
}
